// !$*UTF8*$!
{
	archiveVersion = 1;
	classes = {
	};
	objectVersion = 52;
	objects = {

/* Begin PBXBuildFile section */
		FD9ADE61273830B0006C85FD /* AppDelegate.swift in Sources */ = {isa = PBXBuildFile; fileRef = FD9ADE60273830B0006C85FD /* AppDelegate.swift */; };
		FD9ADE63273830B0006C85FD /* SceneDelegate.swift in Sources */ = {isa = PBXBuildFile; fileRef = FD9ADE62273830B0006C85FD /* SceneDelegate.swift */; };
		FD9ADE6A273830B1006C85FD /* Assets.xcassets in Resources */ = {isa = PBXBuildFile; fileRef = FD9ADE69273830B1006C85FD /* Assets.xcassets */; };
		FD9ADE6D273830B1006C85FD /* LaunchScreen.storyboard in Resources */ = {isa = PBXBuildFile; fileRef = FD9ADE6B273830B1006C85FD /* LaunchScreen.storyboard */; };
		FDE1802F273A539E000CD020 /* BeerListViewController.swift in Sources */ = {isa = PBXBuildFile; fileRef = FDE1802E273A539E000CD020 /* BeerListViewController.swift */; };
		FDE18032273A5534000CD020 /* SnapKit in Frameworks */ = {isa = PBXBuildFile; productRef = FDE18031273A5534000CD020 /* SnapKit */; };
		FDE18035273A5566000CD020 /* Kingfisher in Frameworks */ = {isa = PBXBuildFile; productRef = FDE18034273A5566000CD020 /* Kingfisher */; };
		FDE18037273A55BB000CD020 /* Beer.swift in Sources */ = {isa = PBXBuildFile; fileRef = FDE18036273A55BB000CD020 /* Beer.swift */; };
		FDE18039273A5A9A000CD020 /* BeerListCell.swift in Sources */ = {isa = PBXBuildFile; fileRef = FDE18038273A5A9A000CD020 /* BeerListCell.swift */; };
		FDE1803B273A69E7000CD020 /* BeerDetailViewController.swift in Sources */ = {isa = PBXBuildFile; fileRef = FDE1803A273A69E7000CD020 /* BeerDetailViewController.swift */; };
/* End PBXBuildFile section */

/* Begin PBXFileReference section */
		FD9ADE5D273830B0006C85FD /* Brewery.app */ = {isa = PBXFileReference; explicitFileType = wrapper.application; includeInIndex = 0; path = Brewery.app; sourceTree = BUILT_PRODUCTS_DIR; };
		FD9ADE60273830B0006C85FD /* AppDelegate.swift */ = {isa = PBXFileReference; lastKnownFileType = sourcecode.swift; path = AppDelegate.swift; sourceTree = "<group>"; };
		FD9ADE62273830B0006C85FD /* SceneDelegate.swift */ = {isa = PBXFileReference; lastKnownFileType = sourcecode.swift; path = SceneDelegate.swift; sourceTree = "<group>"; };
		FD9ADE69273830B1006C85FD /* Assets.xcassets */ = {isa = PBXFileReference; lastKnownFileType = folder.assetcatalog; path = Assets.xcassets; sourceTree = "<group>"; };
		FD9ADE6C273830B1006C85FD /* Base */ = {isa = PBXFileReference; lastKnownFileType = file.storyboard; name = Base; path = Base.lproj/LaunchScreen.storyboard; sourceTree = "<group>"; };
		FD9ADE6E273830B1006C85FD /* Info.plist */ = {isa = PBXFileReference; lastKnownFileType = text.plist.xml; path = Info.plist; sourceTree = "<group>"; };
		FDE1802E273A539E000CD020 /* BeerListViewController.swift */ = {isa = PBXFileReference; lastKnownFileType = sourcecode.swift; path = BeerListViewController.swift; sourceTree = "<group>"; };
		FDE18036273A55BB000CD020 /* Beer.swift */ = {isa = PBXFileReference; lastKnownFileType = sourcecode.swift; path = Beer.swift; sourceTree = "<group>"; };
		FDE18038273A5A9A000CD020 /* BeerListCell.swift */ = {isa = PBXFileReference; lastKnownFileType = sourcecode.swift; path = BeerListCell.swift; sourceTree = "<group>"; };
		FDE1803A273A69E7000CD020 /* BeerDetailViewController.swift */ = {isa = PBXFileReference; lastKnownFileType = sourcecode.swift; path = BeerDetailViewController.swift; sourceTree = "<group>"; };
/* End PBXFileReference section */

/* Begin PBXFrameworksBuildPhase section */
		FD9ADE5A273830B0006C85FD /* Frameworks */ = {
			isa = PBXFrameworksBuildPhase;
			buildActionMask = 2147483647;
			files = (
				FDE18035273A5566000CD020 /* Kingfisher in Frameworks */,
				FDE18032273A5534000CD020 /* SnapKit in Frameworks */,
			);
			runOnlyForDeploymentPostprocessing = 0;
		};
/* End PBXFrameworksBuildPhase section */

/* Begin PBXGroup section */
		FD9ADE54273830B0006C85FD = {
			isa = PBXGroup;
			children = (
				FD9ADE5F273830B0006C85FD /* Brewery */,
				FD9ADE5E273830B0006C85FD /* Products */,
			);
			sourceTree = "<group>";
		};
		FD9ADE5E273830B0006C85FD /* Products */ = {
			isa = PBXGroup;
			children = (
				FD9ADE5D273830B0006C85FD /* Brewery.app */,
			);
			name = Products;
			sourceTree = "<group>";
		};
		FD9ADE5F273830B0006C85FD /* Brewery */ = {
			isa = PBXGroup;
			children = (
				FD9ADE60273830B0006C85FD /* AppDelegate.swift */,
				FD9ADE62273830B0006C85FD /* SceneDelegate.swift */,
				FDE1802E273A539E000CD020 /* BeerListViewController.swift */,
				FDE1803A273A69E7000CD020 /* BeerDetailViewController.swift */,
				FDE18038273A5A9A000CD020 /* BeerListCell.swift */,
				FDE18036273A55BB000CD020 /* Beer.swift */,
				FD9ADE69273830B1006C85FD /* Assets.xcassets */,
				FD9ADE6B273830B1006C85FD /* LaunchScreen.storyboard */,
				FD9ADE6E273830B1006C85FD /* Info.plist */,
			);
			path = Brewery;
			sourceTree = "<group>";
		};
/* End PBXGroup section */

/* Begin PBXNativeTarget section */
		FD9ADE5C273830B0006C85FD /* Brewery */ = {
			isa = PBXNativeTarget;
			buildConfigurationList = FD9ADE71273830B1006C85FD /* Build configuration list for PBXNativeTarget "Brewery" */;
			buildPhases = (
				FD9ADE59273830B0006C85FD /* Sources */,
				FD9ADE5A273830B0006C85FD /* Frameworks */,
				FD9ADE5B273830B0006C85FD /* Resources */,
			);
			buildRules = (
			);
			dependencies = (
			);
			name = Brewery;
			packageProductDependencies = (
				FDE18031273A5534000CD020 /* SnapKit */,
				FDE18034273A5566000CD020 /* Kingfisher */,
			);
			productName = Brewery;
			productReference = FD9ADE5D273830B0006C85FD /* Brewery.app */;
			productType = "com.apple.product-type.application";
		};
/* End PBXNativeTarget section */

/* Begin PBXProject section */
		FD9ADE55273830B0006C85FD /* Project object */ = {
			isa = PBXProject;
			attributes = {
				LastSwiftUpdateCheck = 1250;
				LastUpgradeCheck = 1250;
				TargetAttributes = {
					FD9ADE5C273830B0006C85FD = {
						CreatedOnToolsVersion = 12.5;
					};
				};
			};
			buildConfigurationList = FD9ADE58273830B0006C85FD /* Build configuration list for PBXProject "Brewery" */;
			compatibilityVersion = "Xcode 9.3";
			developmentRegion = en;
			hasScannedForEncodings = 0;
			knownRegions = (
				en,
				Base,
			);
			mainGroup = FD9ADE54273830B0006C85FD;
			packageReferences = (
				FDE18030273A5534000CD020 /* XCRemoteSwiftPackageReference "SnapKit" */,
				FDE18033273A5566000CD020 /* XCRemoteSwiftPackageReference "Kingfisher" */,
			);
			productRefGroup = FD9ADE5E273830B0006C85FD /* Products */;
			projectDirPath = "";
			projectRoot = "";
			targets = (
				FD9ADE5C273830B0006C85FD /* Brewery */,
			);
		};
/* End PBXProject section */

/* Begin PBXResourcesBuildPhase section */
		FD9ADE5B273830B0006C85FD /* Resources */ = {
			isa = PBXResourcesBuildPhase;
			buildActionMask = 2147483647;
			files = (
				FD9ADE6D273830B1006C85FD /* LaunchScreen.storyboard in Resources */,
				FD9ADE6A273830B1006C85FD /* Assets.xcassets in Resources */,
			);
			runOnlyForDeploymentPostprocessing = 0;
		};
/* End PBXResourcesBuildPhase section */

/* Begin PBXSourcesBuildPhase section */
		FD9ADE59273830B0006C85FD /* Sources */ = {
			isa = PBXSourcesBuildPhase;
			buildActionMask = 2147483647;
			files = (
				FD9ADE61273830B0006C85FD /* AppDelegate.swift in Sources */,
				FDE1803B273A69E7000CD020 /* BeerDetailViewController.swift in Sources */,
				FD9ADE63273830B0006C85FD /* SceneDelegate.swift in Sources */,
				FDE1802F273A539E000CD020 /* BeerListViewController.swift in Sources */,
				FDE18037273A55BB000CD020 /* Beer.swift in Sources */,
				FDE18039273A5A9A000CD020 /* BeerListCell.swift in Sources */,
			);
			runOnlyForDeploymentPostprocessing = 0;
		};
/* End PBXSourcesBuildPhase section */

/* Begin PBXVariantGroup section */
		FD9ADE6B273830B1006C85FD /* LaunchScreen.storyboard */ = {
			isa = PBXVariantGroup;
			children = (
				FD9ADE6C273830B1006C85FD /* Base */,
			);
			name = LaunchScreen.storyboard;
			sourceTree = "<group>";
		};
/* End PBXVariantGroup section */

/* Begin XCBuildConfiguration section */
		FD9ADE6F273830B1006C85FD /* Debug */ = {
			isa = XCBuildConfiguration;
			buildSettings = {
				ALWAYS_SEARCH_USER_PATHS = NO;
				CLANG_ANALYZER_NONNULL = YES;
				CLANG_ANALYZER_NUMBER_OBJECT_CONVERSION = YES_AGGRESSIVE;
				CLANG_CXX_LANGUAGE_STANDARD = "gnu++14";
				CLANG_CXX_LIBRARY = "libc++";
				CLANG_ENABLE_MODULES = YES;
				CLANG_ENABLE_OBJC_ARC = YES;
				CLANG_ENABLE_OBJC_WEAK = YES;
				CLANG_WARN_BLOCK_CAPTURE_AUTORELEASING = YES;
				CLANG_WARN_BOOL_CONVERSION = YES;
				CLANG_WARN_COMMA = YES;
				CLANG_WARN_CONSTANT_CONVERSION = YES;
				CLANG_WARN_DEPRECATED_OBJC_IMPLEMENTATIONS = YES;
				CLANG_WARN_DIRECT_OBJC_ISA_USAGE = YES_ERROR;
				CLANG_WARN_DOCUMENTATION_COMMENTS = YES;
				CLANG_WARN_EMPTY_BODY = YES;
				CLANG_WARN_ENUM_CONVERSION = YES;
				CLANG_WARN_INFINITE_RECURSION = YES;
				CLANG_WARN_INT_CONVERSION = YES;
				CLANG_WARN_NON_LITERAL_NULL_CONVERSION = YES;
				CLANG_WARN_OBJC_IMPLICIT_RETAIN_SELF = YES;
				CLANG_WARN_OBJC_LITERAL_CONVERSION = YES;
				CLANG_WARN_OBJC_ROOT_CLASS = YES_ERROR;
				CLANG_WARN_QUOTED_INCLUDE_IN_FRAMEWORK_HEADER = YES;
				CLANG_WARN_RANGE_LOOP_ANALYSIS = YES;
				CLANG_WARN_STRICT_PROTOTYPES = YES;
				CLANG_WARN_SUSPICIOUS_MOVE = YES;
				CLANG_WARN_UNGUARDED_AVAILABILITY = YES_AGGRESSIVE;
				CLANG_WARN_UNREACHABLE_CODE = YES;
				CLANG_WARN__DUPLICATE_METHOD_MATCH = YES;
				COPY_PHASE_STRIP = NO;
				DEBUG_INFORMATION_FORMAT = dwarf;
				ENABLE_STRICT_OBJC_MSGSEND = YES;
				ENABLE_TESTABILITY = YES;
				GCC_C_LANGUAGE_STANDARD = gnu11;
				GCC_DYNAMIC_NO_PIC = NO;
				GCC_NO_COMMON_BLOCKS = YES;
				GCC_OPTIMIZATION_LEVEL = 0;
				GCC_PREPROCESSOR_DEFINITIONS = (
					"DEBUG=1",
					"$(inherited)",
				);
				GCC_WARN_64_TO_32_BIT_CONVERSION = YES;
				GCC_WARN_ABOUT_RETURN_TYPE = YES_ERROR;
				GCC_WARN_UNDECLARED_SELECTOR = YES;
				GCC_WARN_UNINITIALIZED_AUTOS = YES_AGGRESSIVE;
				GCC_WARN_UNUSED_FUNCTION = YES;
				GCC_WARN_UNUSED_VARIABLE = YES;
				IPHONEOS_DEPLOYMENT_TARGET = 14.5;
				MTL_ENABLE_DEBUG_INFO = INCLUDE_SOURCE;
				MTL_FAST_MATH = YES;
				ONLY_ACTIVE_ARCH = YES;
				SDKROOT = iphoneos;
				SWIFT_ACTIVE_COMPILATION_CONDITIONS = DEBUG;
				SWIFT_OPTIMIZATION_LEVEL = "-Onone";
			};
			name = Debug;
		};
		FD9ADE70273830B1006C85FD /* Release */ = {
			isa = XCBuildConfiguration;
			buildSettings = {
				ALWAYS_SEARCH_USER_PATHS = NO;
				CLANG_ANALYZER_NONNULL = YES;
				CLANG_ANALYZER_NUMBER_OBJECT_CONVERSION = YES_AGGRESSIVE;
				CLANG_CXX_LANGUAGE_STANDARD = "gnu++14";
				CLANG_CXX_LIBRARY = "libc++";
				CLANG_ENABLE_MODULES = YES;
				CLANG_ENABLE_OBJC_ARC = YES;
				CLANG_ENABLE_OBJC_WEAK = YES;
				CLANG_WARN_BLOCK_CAPTURE_AUTORELEASING = YES;
				CLANG_WARN_BOOL_CONVERSION = YES;
				CLANG_WARN_COMMA = YES;
				CLANG_WARN_CONSTANT_CONVERSION = YES;
				CLANG_WARN_DEPRECATED_OBJC_IMPLEMENTATIONS = YES;
				CLANG_WARN_DIRECT_OBJC_ISA_USAGE = YES_ERROR;
				CLANG_WARN_DOCUMENTATION_COMMENTS = YES;
				CLANG_WARN_EMPTY_BODY = YES;
				CLANG_WARN_ENUM_CONVERSION = YES;
				CLANG_WARN_INFINITE_RECURSION = YES;
				CLANG_WARN_INT_CONVERSION = YES;
				CLANG_WARN_NON_LITERAL_NULL_CONVERSION = YES;
				CLANG_WARN_OBJC_IMPLICIT_RETAIN_SELF = YES;
				CLANG_WARN_OBJC_LITERAL_CONVERSION = YES;
				CLANG_WARN_OBJC_ROOT_CLASS = YES_ERROR;
				CLANG_WARN_QUOTED_INCLUDE_IN_FRAMEWORK_HEADER = YES;
				CLANG_WARN_RANGE_LOOP_ANALYSIS = YES;
				CLANG_WARN_STRICT_PROTOTYPES = YES;
				CLANG_WARN_SUSPICIOUS_MOVE = YES;
				CLANG_WARN_UNGUARDED_AVAILABILITY = YES_AGGRESSIVE;
				CLANG_WARN_UNREACHABLE_CODE = YES;
				CLANG_WARN__DUPLICATE_METHOD_MATCH = YES;
				COPY_PHASE_STRIP = NO;
				DEBUG_INFORMATION_FORMAT = "dwarf-with-dsym";
				ENABLE_NS_ASSERTIONS = NO;
				ENABLE_STRICT_OBJC_MSGSEND = YES;
				GCC_C_LANGUAGE_STANDARD = gnu11;
				GCC_NO_COMMON_BLOCKS = YES;
				GCC_WARN_64_TO_32_BIT_CONVERSION = YES;
				GCC_WARN_ABOUT_RETURN_TYPE = YES_ERROR;
				GCC_WARN_UNDECLARED_SELECTOR = YES;
				GCC_WARN_UNINITIALIZED_AUTOS = YES_AGGRESSIVE;
				GCC_WARN_UNUSED_FUNCTION = YES;
				GCC_WARN_UNUSED_VARIABLE = YES;
				IPHONEOS_DEPLOYMENT_TARGET = 14.5;
				MTL_ENABLE_DEBUG_INFO = NO;
				MTL_FAST_MATH = YES;
				SDKROOT = iphoneos;
				SWIFT_COMPILATION_MODE = wholemodule;
				SWIFT_OPTIMIZATION_LEVEL = "-O";
				VALIDATE_PRODUCT = YES;
			};
			name = Release;
		};
		FD9ADE72273830B1006C85FD /* Debug */ = {
			isa = XCBuildConfiguration;
			buildSettings = {
				ASSETCATALOG_COMPILER_APPICON_NAME = AppIcon;
				ASSETCATALOG_COMPILER_GLOBAL_ACCENT_COLOR_NAME = AccentColor;
				CODE_SIGN_STYLE = Automatic;
				DEVELOPMENT_TEAM = SQ5T25W9V5;
				INFOPLIST_FILE = Brewery/Info.plist;
				LD_RUNPATH_SEARCH_PATHS = (
					"$(inherited)",
					"@executable_path/Frameworks",
				);
				PRODUCT_BUNDLE_IDENTIFIER = kr.co.project.Brewery;
				PRODUCT_NAME = "$(TARGET_NAME)";
				SWIFT_VERSION = 5.0;
				TARGETED_DEVICE_FAMILY = "1,2";
			};
			name = Debug;
		};
		FD9ADE73273830B1006C85FD /* Release */ = {
			isa = XCBuildConfiguration;
			buildSettings = {
				ASSETCATALOG_COMPILER_APPICON_NAME = AppIcon;
				ASSETCATALOG_COMPILER_GLOBAL_ACCENT_COLOR_NAME = AccentColor;
				CODE_SIGN_STYLE = Automatic;
				DEVELOPMENT_TEAM = SQ5T25W9V5;
				INFOPLIST_FILE = Brewery/Info.plist;
				LD_RUNPATH_SEARCH_PATHS = (
					"$(inherited)",
					"@executable_path/Frameworks",
				);
				PRODUCT_BUNDLE_IDENTIFIER = kr.co.project.Brewery;
				PRODUCT_NAME = "$(TARGET_NAME)";
				SWIFT_VERSION = 5.0;
				TARGETED_DEVICE_FAMILY = "1,2";
			};
			name = Release;
		};
/* End XCBuildConfiguration section */

/* Begin XCConfigurationList section */
		FD9ADE58273830B0006C85FD /* Build configuration list for PBXProject "Brewery" */ = {
			isa = XCConfigurationList;
			buildConfigurations = (
				FD9ADE6F273830B1006C85FD /* Debug */,
				FD9ADE70273830B1006C85FD /* Release */,
			);
			defaultConfigurationIsVisible = 0;
			defaultConfigurationName = Release;
		};
		FD9ADE71273830B1006C85FD /* Build configuration list for PBXNativeTarget "Brewery" */ = {
			isa = XCConfigurationList;
			buildConfigurations = (
				FD9ADE72273830B1006C85FD /* Debug */,
				FD9ADE73273830B1006C85FD /* Release */,
			);
			defaultConfigurationIsVisible = 0;
			defaultConfigurationName = Release;
		};
/* End XCConfigurationList section */

/* Begin XCRemoteSwiftPackageReference section */
		FDE18030273A5534000CD020 /* XCRemoteSwiftPackageReference "SnapKit" */ = {
			isa = XCRemoteSwiftPackageReference;
			repositoryURL = "https://github.com/SnapKit/SnapKit.git";
			requirement = {
				kind = upToNextMajorVersion;
				minimumVersion = 5.0.1;
			};
		};
		FDE18033273A5566000CD020 /* XCRemoteSwiftPackageReference "Kingfisher" */ = {
			isa = XCRemoteSwiftPackageReference;
			repositoryURL = "https://github.com/onevcat/Kingfisher.git";
			requirement = {
				kind = upToNextMajorVersion;
				minimumVersion = 7.1.1;
			};
		};
/* End XCRemoteSwiftPackageReference section */

/* Begin XCSwiftPackageProductDependency section */
		FDE18031273A5534000CD020 /* SnapKit */ = {
			isa = XCSwiftPackageProductDependency;
			package = FDE18030273A5534000CD020 /* XCRemoteSwiftPackageReference "SnapKit" */;
			productName = SnapKit;
		};
		FDE18034273A5566000CD020 /* Kingfisher */ = {
			isa = XCSwiftPackageProductDependency;
			package = FDE18033273A5566000CD020 /* XCRemoteSwiftPackageReference "Kingfisher" */;
			productName = Kingfisher;
		};
/* End XCSwiftPackageProductDependency section */
	};
	rootObject = FD9ADE55273830B0006C85FD /* Project object */;
}
