// !$*UTF8*$!
{
	archiveVersion = 1;
	classes = {
	};
	objectVersion = 52;
	objects = {

/* Begin PBXBuildFile section */
		FDE7BB2B2758C660001D0B09 /* AppDelegate.swift in Sources */ = {isa = PBXBuildFile; fileRef = FDE7BB2A2758C660001D0B09 /* AppDelegate.swift */; };
		FDE7BB2D2758C660001D0B09 /* SceneDelegate.swift in Sources */ = {isa = PBXBuildFile; fileRef = FDE7BB2C2758C660001D0B09 /* SceneDelegate.swift */; };
		FDE7BB2F2758C660001D0B09 /* StationSearchViewController.swift in Sources */ = {isa = PBXBuildFile; fileRef = FDE7BB2E2758C660001D0B09 /* StationSearchViewController.swift */; };
		FDE7BB342758C661001D0B09 /* Assets.xcassets in Resources */ = {isa = PBXBuildFile; fileRef = FDE7BB332758C661001D0B09 /* Assets.xcassets */; };
		FDE7BB372758C661001D0B09 /* LaunchScreen.storyboard in Resources */ = {isa = PBXBuildFile; fileRef = FDE7BB352758C661001D0B09 /* LaunchScreen.storyboard */; };
		FDE7BB402758CBA9001D0B09 /* SnapKit in Frameworks */ = {isa = PBXBuildFile; productRef = FDE7BB3F2758CBA9001D0B09 /* SnapKit */; };
		FDE7BB432758CBFC001D0B09 /* Alamofire in Frameworks */ = {isa = PBXBuildFile; productRef = FDE7BB422758CBFC001D0B09 /* Alamofire */; };
		FDE7BB452758D9FD001D0B09 /* StationDetailViewController.swift in Sources */ = {isa = PBXBuildFile; fileRef = FDE7BB442758D9FD001D0B09 /* StationDetailViewController.swift */; };
		FDE7BB482758DB4B001D0B09 /* StationDetailCollectionViewCell.swift in Sources */ = {isa = PBXBuildFile; fileRef = FDE7BB472758DB4B001D0B09 /* StationDetailCollectionViewCell.swift */; };
		FDE7BB68275B8562001D0B09 /* StationResponseModel.swift in Sources */ = {isa = PBXBuildFile; fileRef = FDE7BB67275B8562001D0B09 /* StationResponseModel.swift */; };
		FDE7BB6A275B9277001D0B09 /* StationArrivalDataResponseModel.swift in Sources */ = {isa = PBXBuildFile; fileRef = FDE7BB69275B9277001D0B09 /* StationArrivalDataResponseModel.swift */; };
/* End PBXBuildFile section */

/* Begin PBXFileReference section */
		FDE7BB272758C660001D0B09 /* SubwayStation.app */ = {isa = PBXFileReference; explicitFileType = wrapper.application; includeInIndex = 0; path = SubwayStation.app; sourceTree = BUILT_PRODUCTS_DIR; };
		FDE7BB2A2758C660001D0B09 /* AppDelegate.swift */ = {isa = PBXFileReference; lastKnownFileType = sourcecode.swift; path = AppDelegate.swift; sourceTree = "<group>"; };
		FDE7BB2C2758C660001D0B09 /* SceneDelegate.swift */ = {isa = PBXFileReference; lastKnownFileType = sourcecode.swift; path = SceneDelegate.swift; sourceTree = "<group>"; };
		FDE7BB2E2758C660001D0B09 /* StationSearchViewController.swift */ = {isa = PBXFileReference; lastKnownFileType = sourcecode.swift; path = StationSearchViewController.swift; sourceTree = "<group>"; };
		FDE7BB332758C661001D0B09 /* Assets.xcassets */ = {isa = PBXFileReference; lastKnownFileType = folder.assetcatalog; path = Assets.xcassets; sourceTree = "<group>"; };
		FDE7BB362758C661001D0B09 /* Base */ = {isa = PBXFileReference; lastKnownFileType = file.storyboard; name = Base; path = Base.lproj/LaunchScreen.storyboard; sourceTree = "<group>"; };
		FDE7BB382758C661001D0B09 /* Info.plist */ = {isa = PBXFileReference; lastKnownFileType = text.plist.xml; path = Info.plist; sourceTree = "<group>"; };
		FDE7BB442758D9FD001D0B09 /* StationDetailViewController.swift */ = {isa = PBXFileReference; lastKnownFileType = sourcecode.swift; path = StationDetailViewController.swift; sourceTree = "<group>"; };
		FDE7BB472758DB4B001D0B09 /* StationDetailCollectionViewCell.swift */ = {isa = PBXFileReference; lastKnownFileType = sourcecode.swift; path = StationDetailCollectionViewCell.swift; sourceTree = "<group>"; };
		FDE7BB67275B8562001D0B09 /* StationResponseModel.swift */ = {isa = PBXFileReference; lastKnownFileType = sourcecode.swift; path = StationResponseModel.swift; sourceTree = "<group>"; };
		FDE7BB69275B9277001D0B09 /* StationArrivalDataResponseModel.swift */ = {isa = PBXFileReference; lastKnownFileType = sourcecode.swift; path = StationArrivalDataResponseModel.swift; sourceTree = "<group>"; };
/* End PBXFileReference section */

/* Begin PBXFrameworksBuildPhase section */
		FDE7BB242758C660001D0B09 /* Frameworks */ = {
			isa = PBXFrameworksBuildPhase;
			buildActionMask = 2147483647;
			files = (
				FDE7BB402758CBA9001D0B09 /* SnapKit in Frameworks */,
				FDE7BB432758CBFC001D0B09 /* Alamofire in Frameworks */,
			);
			runOnlyForDeploymentPostprocessing = 0;
		};
/* End PBXFrameworksBuildPhase section */

/* Begin PBXGroup section */
		FDE7BB1E2758C660001D0B09 = {
			isa = PBXGroup;
			children = (
				FDE7BB292758C660001D0B09 /* SubwayStation */,
				FDE7BB282758C660001D0B09 /* Products */,
			);
			sourceTree = "<group>";
		};
		FDE7BB282758C660001D0B09 /* Products */ = {
			isa = PBXGroup;
			children = (
				FDE7BB272758C660001D0B09 /* SubwayStation.app */,
			);
			name = Products;
			sourceTree = "<group>";
		};
		FDE7BB292758C660001D0B09 /* SubwayStation */ = {
			isa = PBXGroup;
			children = (
				FDE7BB2A2758C660001D0B09 /* AppDelegate.swift */,
				FDE7BB2C2758C660001D0B09 /* SceneDelegate.swift */,
				FDE7BB462758DA04001D0B09 /* Scene */,
				FDE7BB352758C661001D0B09 /* LaunchScreen.storyboard */,
				FDE7BB332758C661001D0B09 /* Assets.xcassets */,
				FDE7BB382758C661001D0B09 /* Info.plist */,
				FDE7BB67275B8562001D0B09 /* StationResponseModel.swift */,
				FDE7BB69275B9277001D0B09 /* StationArrivalDataResponseModel.swift */,
			);
			path = SubwayStation;
			sourceTree = "<group>";
		};
		FDE7BB462758DA04001D0B09 /* Scene */ = {
			isa = PBXGroup;
			children = (
				FDE7BB2E2758C660001D0B09 /* StationSearchViewController.swift */,
				FDE7BB442758D9FD001D0B09 /* StationDetailViewController.swift */,
				FDE7BB472758DB4B001D0B09 /* StationDetailCollectionViewCell.swift */,
			);
			path = Scene;
			sourceTree = "<group>";
		};
/* End PBXGroup section */

/* Begin PBXNativeTarget section */
		FDE7BB262758C660001D0B09 /* SubwayStation */ = {
			isa = PBXNativeTarget;
			buildConfigurationList = FDE7BB3B2758C661001D0B09 /* Build configuration list for PBXNativeTarget "SubwayStation" */;
			buildPhases = (
				FDE7BB232758C660001D0B09 /* Sources */,
				FDE7BB242758C660001D0B09 /* Frameworks */,
				FDE7BB252758C660001D0B09 /* Resources */,
			);
			buildRules = (
			);
			dependencies = (
			);
			name = SubwayStation;
			packageProductDependencies = (
				FDE7BB3F2758CBA9001D0B09 /* SnapKit */,
				FDE7BB422758CBFC001D0B09 /* Alamofire */,
			);
			productName = SubwayStation;
			productReference = FDE7BB272758C660001D0B09 /* SubwayStation.app */;
			productType = "com.apple.product-type.application";
		};
/* End PBXNativeTarget section */

/* Begin PBXProject section */
		FDE7BB1F2758C660001D0B09 /* Project object */ = {
			isa = PBXProject;
			attributes = {
				LastSwiftUpdateCheck = 1250;
				LastUpgradeCheck = 1250;
				TargetAttributes = {
					FDE7BB262758C660001D0B09 = {
						CreatedOnToolsVersion = 12.5;
					};
				};
			};
			buildConfigurationList = FDE7BB222758C660001D0B09 /* Build configuration list for PBXProject "SubwayStation" */;
			compatibilityVersion = "Xcode 9.3";
			developmentRegion = en;
			hasScannedForEncodings = 0;
			knownRegions = (
				en,
				Base,
			);
			mainGroup = FDE7BB1E2758C660001D0B09;
			packageReferences = (
				FDE7BB3E2758CBA9001D0B09 /* XCRemoteSwiftPackageReference "SnapKit" */,
				FDE7BB412758CBFC001D0B09 /* XCRemoteSwiftPackageReference "Alamofire" */,
			);
			productRefGroup = FDE7BB282758C660001D0B09 /* Products */;
			projectDirPath = "";
			projectRoot = "";
			targets = (
				FDE7BB262758C660001D0B09 /* SubwayStation */,
			);
		};
/* End PBXProject section */

/* Begin PBXResourcesBuildPhase section */
		FDE7BB252758C660001D0B09 /* Resources */ = {
			isa = PBXResourcesBuildPhase;
			buildActionMask = 2147483647;
			files = (
				FDE7BB372758C661001D0B09 /* LaunchScreen.storyboard in Resources */,
				FDE7BB342758C661001D0B09 /* Assets.xcassets in Resources */,
			);
			runOnlyForDeploymentPostprocessing = 0;
		};
/* End PBXResourcesBuildPhase section */

/* Begin PBXSourcesBuildPhase section */
		FDE7BB232758C660001D0B09 /* Sources */ = {
			isa = PBXSourcesBuildPhase;
			buildActionMask = 2147483647;
			files = (
				FDE7BB482758DB4B001D0B09 /* StationDetailCollectionViewCell.swift in Sources */,
				FDE7BB68275B8562001D0B09 /* StationResponseModel.swift in Sources */,
				FDE7BB452758D9FD001D0B09 /* StationDetailViewController.swift in Sources */,
				FDE7BB6A275B9277001D0B09 /* StationArrivalDataResponseModel.swift in Sources */,
				FDE7BB2F2758C660001D0B09 /* StationSearchViewController.swift in Sources */,
				FDE7BB2B2758C660001D0B09 /* AppDelegate.swift in Sources */,
				FDE7BB2D2758C660001D0B09 /* SceneDelegate.swift in Sources */,
			);
			runOnlyForDeploymentPostprocessing = 0;
		};
/* End PBXSourcesBuildPhase section */

/* Begin PBXVariantGroup section */
		FDE7BB352758C661001D0B09 /* LaunchScreen.storyboard */ = {
			isa = PBXVariantGroup;
			children = (
				FDE7BB362758C661001D0B09 /* Base */,
			);
			name = LaunchScreen.storyboard;
			sourceTree = "<group>";
		};
/* End PBXVariantGroup section */

/* Begin XCBuildConfiguration section */
		FDE7BB392758C661001D0B09 /* Debug */ = {
			isa = XCBuildConfiguration;
			buildSettings = {
				ALWAYS_SEARCH_USER_PATHS = NO;
				CLANG_ANALYZER_NONNULL = YES;
				CLANG_ANALYZER_NUMBER_OBJECT_CONVERSION = YES_AGGRESSIVE;
				CLANG_CXX_LANGUAGE_STANDARD = "gnu++14";
				CLANG_CXX_LIBRARY = "libc++";
				CLANG_ENABLE_MODULES = YES;
				CLANG_ENABLE_OBJC_ARC = YES;
				CLANG_ENABLE_OBJC_WEAK = YES;
				CLANG_WARN_BLOCK_CAPTURE_AUTORELEASING = YES;
				CLANG_WARN_BOOL_CONVERSION = YES;
				CLANG_WARN_COMMA = YES;
				CLANG_WARN_CONSTANT_CONVERSION = YES;
				CLANG_WARN_DEPRECATED_OBJC_IMPLEMENTATIONS = YES;
				CLANG_WARN_DIRECT_OBJC_ISA_USAGE = YES_ERROR;
				CLANG_WARN_DOCUMENTATION_COMMENTS = YES;
				CLANG_WARN_EMPTY_BODY = YES;
				CLANG_WARN_ENUM_CONVERSION = YES;
				CLANG_WARN_INFINITE_RECURSION = YES;
				CLANG_WARN_INT_CONVERSION = YES;
				CLANG_WARN_NON_LITERAL_NULL_CONVERSION = YES;
				CLANG_WARN_OBJC_IMPLICIT_RETAIN_SELF = YES;
				CLANG_WARN_OBJC_LITERAL_CONVERSION = YES;
				CLANG_WARN_OBJC_ROOT_CLASS = YES_ERROR;
				CLANG_WARN_QUOTED_INCLUDE_IN_FRAMEWORK_HEADER = YES;
				CLANG_WARN_RANGE_LOOP_ANALYSIS = YES;
				CLANG_WARN_STRICT_PROTOTYPES = YES;
				CLANG_WARN_SUSPICIOUS_MOVE = YES;
				CLANG_WARN_UNGUARDED_AVAILABILITY = YES_AGGRESSIVE;
				CLANG_WARN_UNREACHABLE_CODE = YES;
				CLANG_WARN__DUPLICATE_METHOD_MATCH = YES;
				COPY_PHASE_STRIP = NO;
				DEBUG_INFORMATION_FORMAT = dwarf;
				ENABLE_STRICT_OBJC_MSGSEND = YES;
				ENABLE_TESTABILITY = YES;
				GCC_C_LANGUAGE_STANDARD = gnu11;
				GCC_DYNAMIC_NO_PIC = NO;
				GCC_NO_COMMON_BLOCKS = YES;
				GCC_OPTIMIZATION_LEVEL = 0;
				GCC_PREPROCESSOR_DEFINITIONS = (
					"DEBUG=1",
					"$(inherited)",
				);
				GCC_WARN_64_TO_32_BIT_CONVERSION = YES;
				GCC_WARN_ABOUT_RETURN_TYPE = YES_ERROR;
				GCC_WARN_UNDECLARED_SELECTOR = YES;
				GCC_WARN_UNINITIALIZED_AUTOS = YES_AGGRESSIVE;
				GCC_WARN_UNUSED_FUNCTION = YES;
				GCC_WARN_UNUSED_VARIABLE = YES;
				IPHONEOS_DEPLOYMENT_TARGET = 14.5;
				MTL_ENABLE_DEBUG_INFO = INCLUDE_SOURCE;
				MTL_FAST_MATH = YES;
				ONLY_ACTIVE_ARCH = YES;
				SDKROOT = iphoneos;
				SWIFT_ACTIVE_COMPILATION_CONDITIONS = DEBUG;
				SWIFT_OPTIMIZATION_LEVEL = "-Onone";
			};
			name = Debug;
		};
		FDE7BB3A2758C661001D0B09 /* Release */ = {
			isa = XCBuildConfiguration;
			buildSettings = {
				ALWAYS_SEARCH_USER_PATHS = NO;
				CLANG_ANALYZER_NONNULL = YES;
				CLANG_ANALYZER_NUMBER_OBJECT_CONVERSION = YES_AGGRESSIVE;
				CLANG_CXX_LANGUAGE_STANDARD = "gnu++14";
				CLANG_CXX_LIBRARY = "libc++";
				CLANG_ENABLE_MODULES = YES;
				CLANG_ENABLE_OBJC_ARC = YES;
				CLANG_ENABLE_OBJC_WEAK = YES;
				CLANG_WARN_BLOCK_CAPTURE_AUTORELEASING = YES;
				CLANG_WARN_BOOL_CONVERSION = YES;
				CLANG_WARN_COMMA = YES;
				CLANG_WARN_CONSTANT_CONVERSION = YES;
				CLANG_WARN_DEPRECATED_OBJC_IMPLEMENTATIONS = YES;
				CLANG_WARN_DIRECT_OBJC_ISA_USAGE = YES_ERROR;
				CLANG_WARN_DOCUMENTATION_COMMENTS = YES;
				CLANG_WARN_EMPTY_BODY = YES;
				CLANG_WARN_ENUM_CONVERSION = YES;
				CLANG_WARN_INFINITE_RECURSION = YES;
				CLANG_WARN_INT_CONVERSION = YES;
				CLANG_WARN_NON_LITERAL_NULL_CONVERSION = YES;
				CLANG_WARN_OBJC_IMPLICIT_RETAIN_SELF = YES;
				CLANG_WARN_OBJC_LITERAL_CONVERSION = YES;
				CLANG_WARN_OBJC_ROOT_CLASS = YES_ERROR;
				CLANG_WARN_QUOTED_INCLUDE_IN_FRAMEWORK_HEADER = YES;
				CLANG_WARN_RANGE_LOOP_ANALYSIS = YES;
				CLANG_WARN_STRICT_PROTOTYPES = YES;
				CLANG_WARN_SUSPICIOUS_MOVE = YES;
				CLANG_WARN_UNGUARDED_AVAILABILITY = YES_AGGRESSIVE;
				CLANG_WARN_UNREACHABLE_CODE = YES;
				CLANG_WARN__DUPLICATE_METHOD_MATCH = YES;
				COPY_PHASE_STRIP = NO;
				DEBUG_INFORMATION_FORMAT = "dwarf-with-dsym";
				ENABLE_NS_ASSERTIONS = NO;
				ENABLE_STRICT_OBJC_MSGSEND = YES;
				GCC_C_LANGUAGE_STANDARD = gnu11;
				GCC_NO_COMMON_BLOCKS = YES;
				GCC_WARN_64_TO_32_BIT_CONVERSION = YES;
				GCC_WARN_ABOUT_RETURN_TYPE = YES_ERROR;
				GCC_WARN_UNDECLARED_SELECTOR = YES;
				GCC_WARN_UNINITIALIZED_AUTOS = YES_AGGRESSIVE;
				GCC_WARN_UNUSED_FUNCTION = YES;
				GCC_WARN_UNUSED_VARIABLE = YES;
				IPHONEOS_DEPLOYMENT_TARGET = 14.5;
				MTL_ENABLE_DEBUG_INFO = NO;
				MTL_FAST_MATH = YES;
				SDKROOT = iphoneos;
				SWIFT_COMPILATION_MODE = wholemodule;
				SWIFT_OPTIMIZATION_LEVEL = "-O";
				VALIDATE_PRODUCT = YES;
			};
			name = Release;
		};
		FDE7BB3C2758C661001D0B09 /* Debug */ = {
			isa = XCBuildConfiguration;
			buildSettings = {
				ASSETCATALOG_COMPILER_APPICON_NAME = AppIcon;
				ASSETCATALOG_COMPILER_GLOBAL_ACCENT_COLOR_NAME = AccentColor;
				CODE_SIGN_STYLE = Automatic;
				DEVELOPMENT_TEAM = SQ5T25W9V5;
				INFOPLIST_FILE = SubwayStation/Info.plist;
				LD_RUNPATH_SEARCH_PATHS = (
					"$(inherited)",
					"@executable_path/Frameworks",
				);
				PRODUCT_BUNDLE_IDENTIFIER = kr.co.project.SubwayStation;
				PRODUCT_NAME = "$(TARGET_NAME)";
				SWIFT_VERSION = 5.0;
				TARGETED_DEVICE_FAMILY = "1,2";
			};
			name = Debug;
		};
		FDE7BB3D2758C661001D0B09 /* Release */ = {
			isa = XCBuildConfiguration;
			buildSettings = {
				ASSETCATALOG_COMPILER_APPICON_NAME = AppIcon;
				ASSETCATALOG_COMPILER_GLOBAL_ACCENT_COLOR_NAME = AccentColor;
				CODE_SIGN_STYLE = Automatic;
				DEVELOPMENT_TEAM = SQ5T25W9V5;
				INFOPLIST_FILE = SubwayStation/Info.plist;
				LD_RUNPATH_SEARCH_PATHS = (
					"$(inherited)",
					"@executable_path/Frameworks",
				);
				PRODUCT_BUNDLE_IDENTIFIER = kr.co.project.SubwayStation;
				PRODUCT_NAME = "$(TARGET_NAME)";
				SWIFT_VERSION = 5.0;
				TARGETED_DEVICE_FAMILY = "1,2";
			};
			name = Release;
		};
/* End XCBuildConfiguration section */

/* Begin XCConfigurationList section */
		FDE7BB222758C660001D0B09 /* Build configuration list for PBXProject "SubwayStation" */ = {
			isa = XCConfigurationList;
			buildConfigurations = (
				FDE7BB392758C661001D0B09 /* Debug */,
				FDE7BB3A2758C661001D0B09 /* Release */,
			);
			defaultConfigurationIsVisible = 0;
			defaultConfigurationName = Release;
		};
		FDE7BB3B2758C661001D0B09 /* Build configuration list for PBXNativeTarget "SubwayStation" */ = {
			isa = XCConfigurationList;
			buildConfigurations = (
				FDE7BB3C2758C661001D0B09 /* Debug */,
				FDE7BB3D2758C661001D0B09 /* Release */,
			);
			defaultConfigurationIsVisible = 0;
			defaultConfigurationName = Release;
		};
/* End XCConfigurationList section */

/* Begin XCRemoteSwiftPackageReference section */
		FDE7BB3E2758CBA9001D0B09 /* XCRemoteSwiftPackageReference "SnapKit" */ = {
			isa = XCRemoteSwiftPackageReference;
			repositoryURL = "https://github.com/SnapKit/SnapKit";
			requirement = {
				kind = upToNextMajorVersion;
				minimumVersion = 5.0.1;
			};
		};
		FDE7BB412758CBFC001D0B09 /* XCRemoteSwiftPackageReference "Alamofire" */ = {
			isa = XCRemoteSwiftPackageReference;
			repositoryURL = "https://github.com/Alamofire/Alamofire";
			requirement = {
				kind = upToNextMajorVersion;
				minimumVersion = 5.4.4;
			};
		};
/* End XCRemoteSwiftPackageReference section */

/* Begin XCSwiftPackageProductDependency section */
		FDE7BB3F2758CBA9001D0B09 /* SnapKit */ = {
			isa = XCSwiftPackageProductDependency;
			package = FDE7BB3E2758CBA9001D0B09 /* XCRemoteSwiftPackageReference "SnapKit" */;
			productName = SnapKit;
		};
		FDE7BB422758CBFC001D0B09 /* Alamofire */ = {
			isa = XCSwiftPackageProductDependency;
			package = FDE7BB412758CBFC001D0B09 /* XCRemoteSwiftPackageReference "Alamofire" */;
			productName = Alamofire;
		};
/* End XCSwiftPackageProductDependency section */
	};
	rootObject = FDE7BB1F2758C660001D0B09 /* Project object */;
}
