// !$*UTF8*$!
{
	archiveVersion = 1;
	classes = {
	};
	objectVersion = 51;
	objects = {

/* Begin PBXBuildFile section */
		641E0C589507CA1A193E9CC3 /* Pods_CreditCardRecommendList.framework in Frameworks */ = {isa = PBXBuildFile; fileRef = E213DE1952A676615FC8461C /* Pods_CreditCardRecommendList.framework */; };
		E38EE5DA13EC2581EFAEB5C8 /* Pods_CreditCardRecommendList.framework in Frameworks */ = {isa = PBXBuildFile; fileRef = E213DE1952A676615FC8461C /* Pods_CreditCardRecommendList.framework */; };
		FDACBD5426FD82A6002D1EFD /* AppDelegate.swift in Sources */ = {isa = PBXBuildFile; fileRef = FDACBD5326FD82A6002D1EFD /* AppDelegate.swift */; };
		FDACBD5626FD82A6002D1EFD /* SceneDelegate.swift in Sources */ = {isa = PBXBuildFile; fileRef = FDACBD5526FD82A6002D1EFD /* SceneDelegate.swift */; };
		FDACBD5B26FD82A6002D1EFD /* Main.storyboard in Resources */ = {isa = PBXBuildFile; fileRef = FDACBD5926FD82A6002D1EFD /* Main.storyboard */; };
		FDACBD5D26FD82A7002D1EFD /* Assets.xcassets in Resources */ = {isa = PBXBuildFile; fileRef = FDACBD5C26FD82A7002D1EFD /* Assets.xcassets */; };
		FDACBD6026FD82A7002D1EFD /* LaunchScreen.storyboard in Resources */ = {isa = PBXBuildFile; fileRef = FDACBD5E26FD82A7002D1EFD /* LaunchScreen.storyboard */; };
		FDACBD6826FD82DD002D1EFD /* CardListViewController.swift in Sources */ = {isa = PBXBuildFile; fileRef = FDACBD6726FD82DD002D1EFD /* CardListViewController.swift */; };
		FDACBD6A26FD8438002D1EFD /* CreditCard.swift in Sources */ = {isa = PBXBuildFile; fileRef = FDACBD6926FD8438002D1EFD /* CreditCard.swift */; };
		FDACBD6D26FD882A002D1EFD /* CardListCell.swift in Sources */ = {isa = PBXBuildFile; fileRef = FDACBD6B26FD882A002D1EFD /* CardListCell.swift */; };
		FDACBD6E26FD882A002D1EFD /* CardListCell.xib in Resources */ = {isa = PBXBuildFile; fileRef = FDACBD6C26FD882A002D1EFD /* CardListCell.xib */; };
		FDACBD7227001D05002D1EFD /* CreditCard.swift in Sources */ = {isa = PBXBuildFile; fileRef = FDACBD6926FD8438002D1EFD /* CreditCard.swift */; };
		FDACBD7327001D05002D1EFD /* CardListCell.swift in Sources */ = {isa = PBXBuildFile; fileRef = FDACBD6B26FD882A002D1EFD /* CardListCell.swift */; };
		FDACBD7427001D05002D1EFD /* CardListViewController.swift in Sources */ = {isa = PBXBuildFile; fileRef = FDACBD6726FD82DD002D1EFD /* CardListViewController.swift */; };
		FDACBD7527001D05002D1EFD /* AppDelegate.swift in Sources */ = {isa = PBXBuildFile; fileRef = FDACBD5326FD82A6002D1EFD /* AppDelegate.swift */; };
		FDACBD7627001D05002D1EFD /* SceneDelegate.swift in Sources */ = {isa = PBXBuildFile; fileRef = FDACBD5526FD82A6002D1EFD /* SceneDelegate.swift */; };
		FDACBD7A27001D05002D1EFD /* LaunchScreen.storyboard in Resources */ = {isa = PBXBuildFile; fileRef = FDACBD5E26FD82A7002D1EFD /* LaunchScreen.storyboard */; };
		FDACBD7B27001D05002D1EFD /* Assets.xcassets in Resources */ = {isa = PBXBuildFile; fileRef = FDACBD5C26FD82A7002D1EFD /* Assets.xcassets */; };
		FDACBD7C27001D05002D1EFD /* Main.storyboard in Resources */ = {isa = PBXBuildFile; fileRef = FDACBD5926FD82A6002D1EFD /* Main.storyboard */; };
		FDACBD7D27001D05002D1EFD /* CardListCell.xib in Resources */ = {isa = PBXBuildFile; fileRef = FDACBD6C26FD882A002D1EFD /* CardListCell.xib */; };
		FDACBD8527001DC7002D1EFD /* CardDetailViewController.swift in Sources */ = {isa = PBXBuildFile; fileRef = FDACBD8427001DC7002D1EFD /* CardDetailViewController.swift */; };
		FDACBD8727002097002D1EFD /* money.json in Resources */ = {isa = PBXBuildFile; fileRef = FDACBD8627002097002D1EFD /* money.json */; };
		FDACBD8B27003B57002D1EFD /* GoogleService-Info.plist in Resources */ = {isa = PBXBuildFile; fileRef = FDACBD8A27003B57002D1EFD /* GoogleService-Info.plist */; };
		FDACBD8D27005BDF002D1EFD /* CreditCardDummy.swift in Sources */ = {isa = PBXBuildFile; fileRef = FDACBD8C27005BDF002D1EFD /* CreditCardDummy.swift */; };
/* End PBXBuildFile section */

/* Begin PBXFileReference section */
		170B124EAAE6E04A4055C349 /* Pods-CreditCardRecommendList.debug.xcconfig */ = {isa = PBXFileReference; includeInIndex = 1; lastKnownFileType = text.xcconfig; name = "Pods-CreditCardRecommendList.debug.xcconfig"; path = "Target Support Files/Pods-CreditCardRecommendList/Pods-CreditCardRecommendList.debug.xcconfig"; sourceTree = "<group>"; };
		CB2FF0DBA07EB519CF1243AB /* Pods-CreditCardRecommendList.release.xcconfig */ = {isa = PBXFileReference; includeInIndex = 1; lastKnownFileType = text.xcconfig; name = "Pods-CreditCardRecommendList.release.xcconfig"; path = "Target Support Files/Pods-CreditCardRecommendList/Pods-CreditCardRecommendList.release.xcconfig"; sourceTree = "<group>"; };
		E213DE1952A676615FC8461C /* Pods_CreditCardRecommendList.framework */ = {isa = PBXFileReference; explicitFileType = wrapper.framework; includeInIndex = 0; path = Pods_CreditCardRecommendList.framework; sourceTree = BUILT_PRODUCTS_DIR; };
		FDACBD5026FD82A6002D1EFD /* CreditCardRecommendList.app */ = {isa = PBXFileReference; explicitFileType = wrapper.application; includeInIndex = 0; path = CreditCardRecommendList.app; sourceTree = BUILT_PRODUCTS_DIR; };
		FDACBD5326FD82A6002D1EFD /* AppDelegate.swift */ = {isa = PBXFileReference; lastKnownFileType = sourcecode.swift; path = AppDelegate.swift; sourceTree = "<group>"; };
		FDACBD5526FD82A6002D1EFD /* SceneDelegate.swift */ = {isa = PBXFileReference; lastKnownFileType = sourcecode.swift; path = SceneDelegate.swift; sourceTree = "<group>"; };
		FDACBD5A26FD82A6002D1EFD /* Base */ = {isa = PBXFileReference; lastKnownFileType = file.storyboard; name = Base; path = Base.lproj/Main.storyboard; sourceTree = "<group>"; };
		FDACBD5C26FD82A7002D1EFD /* Assets.xcassets */ = {isa = PBXFileReference; lastKnownFileType = folder.assetcatalog; path = Assets.xcassets; sourceTree = "<group>"; };
		FDACBD5F26FD82A7002D1EFD /* Base */ = {isa = PBXFileReference; lastKnownFileType = file.storyboard; name = Base; path = Base.lproj/LaunchScreen.storyboard; sourceTree = "<group>"; };
		FDACBD6126FD82A7002D1EFD /* Info.plist */ = {isa = PBXFileReference; lastKnownFileType = text.plist.xml; path = Info.plist; sourceTree = "<group>"; };
		FDACBD6726FD82DD002D1EFD /* CardListViewController.swift */ = {isa = PBXFileReference; lastKnownFileType = sourcecode.swift; path = CardListViewController.swift; sourceTree = "<group>"; };
		FDACBD6926FD8438002D1EFD /* CreditCard.swift */ = {isa = PBXFileReference; lastKnownFileType = sourcecode.swift; path = CreditCard.swift; sourceTree = "<group>"; };
		FDACBD6B26FD882A002D1EFD /* CardListCell.swift */ = {isa = PBXFileReference; lastKnownFileType = sourcecode.swift; path = CardListCell.swift; sourceTree = "<group>"; };
		FDACBD6C26FD882A002D1EFD /* CardListCell.xib */ = {isa = PBXFileReference; lastKnownFileType = file.xib; path = CardListCell.xib; sourceTree = "<group>"; };
		FDACBD8227001D05002D1EFD /* CreditCardRecommendList copy.app */ = {isa = PBXFileReference; explicitFileType = wrapper.application; includeInIndex = 0; path = "CreditCardRecommendList copy.app"; sourceTree = BUILT_PRODUCTS_DIR; };
		FDACBD8327001D05002D1EFD /* CreditCardRecommendList copy-Info.plist */ = {isa = PBXFileReference; lastKnownFileType = text.plist.xml; name = "CreditCardRecommendList copy-Info.plist"; path = "/Users/skgml/workspace/iOS-playground/CreditCardRecommendList/CreditCardRecommendList copy-Info.plist"; sourceTree = "<absolute>"; };
		FDACBD8427001DC7002D1EFD /* CardDetailViewController.swift */ = {isa = PBXFileReference; lastKnownFileType = sourcecode.swift; path = CardDetailViewController.swift; sourceTree = "<group>"; };
		FDACBD8627002097002D1EFD /* money.json */ = {isa = PBXFileReference; fileEncoding = 4; lastKnownFileType = text.json; path = money.json; sourceTree = "<group>"; };
		FDACBD8A27003B57002D1EFD /* GoogleService-Info.plist */ = {isa = PBXFileReference; fileEncoding = 4; lastKnownFileType = text.plist.xml; path = "GoogleService-Info.plist"; sourceTree = "<group>"; };
		FDACBD8C27005BDF002D1EFD /* CreditCardDummy.swift */ = {isa = PBXFileReference; fileEncoding = 4; lastKnownFileType = sourcecode.swift; path = CreditCardDummy.swift; sourceTree = "<group>"; };
/* End PBXFileReference section */

/* Begin PBXFrameworksBuildPhase section */
		FDACBD4D26FD82A6002D1EFD /* Frameworks */ = {
			isa = PBXFrameworksBuildPhase;
			buildActionMask = 2147483647;
			files = (
				E38EE5DA13EC2581EFAEB5C8 /* Pods_CreditCardRecommendList.framework in Frameworks */,
				641E0C589507CA1A193E9CC3 /* Pods_CreditCardRecommendList.framework in Frameworks */,
			);
			runOnlyForDeploymentPostprocessing = 0;
		};
		FDACBD7727001D05002D1EFD /* Frameworks */ = {
			isa = PBXFrameworksBuildPhase;
			buildActionMask = 2147483647;
			files = (
			);
			runOnlyForDeploymentPostprocessing = 0;
		};
/* End PBXFrameworksBuildPhase section */

/* Begin PBXGroup section */
		C098B3016A3BCC5623C7A53D /* Pods */ = {
			isa = PBXGroup;
			children = (
				170B124EAAE6E04A4055C349 /* Pods-CreditCardRecommendList.debug.xcconfig */,
				CB2FF0DBA07EB519CF1243AB /* Pods-CreditCardRecommendList.release.xcconfig */,
			);
			path = Pods;
			sourceTree = "<group>";
		};
		F502C0E168DEEB342BCE8F83 /* Frameworks */ = {
			isa = PBXGroup;
			children = (
				E213DE1952A676615FC8461C /* Pods_CreditCardRecommendList.framework */,
			);
			name = Frameworks;
			sourceTree = "<group>";
		};
		FDACBD4726FD82A6002D1EFD = {
			isa = PBXGroup;
			children = (
				FDACBD5226FD82A6002D1EFD /* CreditCardRecommendList */,
				FDACBD5126FD82A6002D1EFD /* Products */,
				C098B3016A3BCC5623C7A53D /* Pods */,
				F502C0E168DEEB342BCE8F83 /* Frameworks */,
				FDACBD8327001D05002D1EFD /* CreditCardRecommendList copy-Info.plist */,
			);
			sourceTree = "<group>";
		};
		FDACBD5126FD82A6002D1EFD /* Products */ = {
			isa = PBXGroup;
			children = (
				FDACBD5026FD82A6002D1EFD /* CreditCardRecommendList.app */,
				FDACBD8227001D05002D1EFD /* CreditCardRecommendList copy.app */,
			);
			name = Products;
			sourceTree = "<group>";
		};
		FDACBD5226FD82A6002D1EFD /* CreditCardRecommendList */ = {
			isa = PBXGroup;
			children = (
				FDACBD6726FD82DD002D1EFD /* CardListViewController.swift */,
				FDACBD8427001DC7002D1EFD /* CardDetailViewController.swift */,
				FDACBD5326FD82A6002D1EFD /* AppDelegate.swift */,
				FDACBD5526FD82A6002D1EFD /* SceneDelegate.swift */,
				FDACBD5926FD82A6002D1EFD /* Main.storyboard */,
				FDACBD6926FD8438002D1EFD /* CreditCard.swift */,
				FDACBD6B26FD882A002D1EFD /* CardListCell.swift */,
				FDACBD6C26FD882A002D1EFD /* CardListCell.xib */,
				FDACBD8C27005BDF002D1EFD /* CreditCardDummy.swift */,
				FDACBD5C26FD82A7002D1EFD /* Assets.xcassets */,
				FDACBD5E26FD82A7002D1EFD /* LaunchScreen.storyboard */,
				FDACBD8627002097002D1EFD /* money.json */,
				FDACBD6126FD82A7002D1EFD /* Info.plist */,
				FDACBD8A27003B57002D1EFD /* GoogleService-Info.plist */,
			);
			path = CreditCardRecommendList;
			sourceTree = "<group>";
		};
/* End PBXGroup section */

/* Begin PBXNativeTarget section */
		FDACBD4F26FD82A6002D1EFD /* CreditCardRecommendList */ = {
			isa = PBXNativeTarget;
			buildConfigurationList = FDACBD6426FD82A7002D1EFD /* Build configuration list for PBXNativeTarget "CreditCardRecommendList" */;
			buildPhases = (
				8949EC9C1C3D04538B88EA1A /* [CP] Check Pods Manifest.lock */,
				FDACBD4C26FD82A6002D1EFD /* Sources */,
				FDACBD4D26FD82A6002D1EFD /* Frameworks */,
				FDACBD4E26FD82A6002D1EFD /* Resources */,
				41075A4A0712E1458949C52C /* [CP] Embed Pods Frameworks */,
			);
			buildRules = (
			);
			dependencies = (
			);
			name = CreditCardRecommendList;
			productName = CreditCardRecommendList;
			productReference = FDACBD5026FD82A6002D1EFD /* CreditCardRecommendList.app */;
			productType = "com.apple.product-type.application";
		};
		FDACBD6F27001D05002D1EFD /* CreditCardRecommendList copy */ = {
			isa = PBXNativeTarget;
			buildConfigurationList = FDACBD7F27001D05002D1EFD /* Build configuration list for PBXNativeTarget "CreditCardRecommendList copy" */;
			buildPhases = (
				FDACBD7127001D05002D1EFD /* Sources */,
				FDACBD7727001D05002D1EFD /* Frameworks */,
				FDACBD7927001D05002D1EFD /* Resources */,
			);
			buildRules = (
			);
			dependencies = (
			);
			name = "CreditCardRecommendList copy";
			productName = CreditCardRecommendList;
			productReference = FDACBD8227001D05002D1EFD /* CreditCardRecommendList copy.app */;
			productType = "com.apple.product-type.application";
		};
/* End PBXNativeTarget section */

/* Begin PBXProject section */
		FDACBD4826FD82A6002D1EFD /* Project object */ = {
			isa = PBXProject;
			attributes = {
				LastSwiftUpdateCheck = 1250;
				LastUpgradeCheck = 1250;
				TargetAttributes = {
					FDACBD4F26FD82A6002D1EFD = {
						CreatedOnToolsVersion = 12.5;
					};
				};
			};
			buildConfigurationList = FDACBD4B26FD82A6002D1EFD /* Build configuration list for PBXProject "CreditCardRecommendList" */;
			compatibilityVersion = "Xcode 9.3";
			developmentRegion = en;
			hasScannedForEncodings = 0;
			knownRegions = (
				en,
				Base,
			);
			mainGroup = FDACBD4726FD82A6002D1EFD;
			productRefGroup = FDACBD5126FD82A6002D1EFD /* Products */;
			projectDirPath = "";
			projectRoot = "";
			targets = (
				FDACBD4F26FD82A6002D1EFD /* CreditCardRecommendList */,
				FDACBD6F27001D05002D1EFD /* CreditCardRecommendList copy */,
			);
		};
/* End PBXProject section */

/* Begin PBXResourcesBuildPhase section */
		FDACBD4E26FD82A6002D1EFD /* Resources */ = {
			isa = PBXResourcesBuildPhase;
			buildActionMask = 2147483647;
			files = (
				FDACBD6026FD82A7002D1EFD /* LaunchScreen.storyboard in Resources */,
				FDACBD5D26FD82A7002D1EFD /* Assets.xcassets in Resources */,
				FDACBD8727002097002D1EFD /* money.json in Resources */,
				FDACBD5B26FD82A6002D1EFD /* Main.storyboard in Resources */,
				FDACBD6E26FD882A002D1EFD /* CardListCell.xib in Resources */,
				FDACBD8B27003B57002D1EFD /* GoogleService-Info.plist in Resources */,
			);
			runOnlyForDeploymentPostprocessing = 0;
		};
		FDACBD7927001D05002D1EFD /* Resources */ = {
			isa = PBXResourcesBuildPhase;
			buildActionMask = 2147483647;
			files = (
				FDACBD7A27001D05002D1EFD /* LaunchScreen.storyboard in Resources */,
				FDACBD7B27001D05002D1EFD /* Assets.xcassets in Resources */,
				FDACBD7C27001D05002D1EFD /* Main.storyboard in Resources */,
				FDACBD7D27001D05002D1EFD /* CardListCell.xib in Resources */,
			);
			runOnlyForDeploymentPostprocessing = 0;
		};
/* End PBXResourcesBuildPhase section */

/* Begin PBXShellScriptBuildPhase section */
		41075A4A0712E1458949C52C /* [CP] Embed Pods Frameworks */ = {
			isa = PBXShellScriptBuildPhase;
			buildActionMask = 2147483647;
			files = (
			);
			inputFileListPaths = (
				"${PODS_ROOT}/Target Support Files/Pods-CreditCardRecommendList/Pods-CreditCardRecommendList-frameworks-${CONFIGURATION}-input-files.xcfilelist",
			);
			name = "[CP] Embed Pods Frameworks";
			outputFileListPaths = (
				"${PODS_ROOT}/Target Support Files/Pods-CreditCardRecommendList/Pods-CreditCardRecommendList-frameworks-${CONFIGURATION}-output-files.xcfilelist",
			);
			runOnlyForDeploymentPostprocessing = 0;
			shellPath = /bin/sh;
			shellScript = "\"${PODS_ROOT}/Target Support Files/Pods-CreditCardRecommendList/Pods-CreditCardRecommendList-frameworks.sh\"\n";
			showEnvVarsInLog = 0;
		};
		8949EC9C1C3D04538B88EA1A /* [CP] Check Pods Manifest.lock */ = {
			isa = PBXShellScriptBuildPhase;
			buildActionMask = 2147483647;
			files = (
			);
			inputFileListPaths = (
			);
			inputPaths = (
				"${PODS_PODFILE_DIR_PATH}/Podfile.lock",
				"${PODS_ROOT}/Manifest.lock",
			);
			name = "[CP] Check Pods Manifest.lock";
			outputFileListPaths = (
			);
			outputPaths = (
				"$(DERIVED_FILE_DIR)/Pods-CreditCardRecommendList-checkManifestLockResult.txt",
			);
			runOnlyForDeploymentPostprocessing = 0;
			shellPath = /bin/sh;
			shellScript = "diff \"${PODS_PODFILE_DIR_PATH}/Podfile.lock\" \"${PODS_ROOT}/Manifest.lock\" > /dev/null\nif [ $? != 0 ] ; then\n    # print error to STDERR\n    echo \"error: The sandbox is not in sync with the Podfile.lock. Run 'pod install' or update your CocoaPods installation.\" >&2\n    exit 1\nfi\n# This output is used by Xcode 'outputs' to avoid re-running this script phase.\necho \"SUCCESS\" > \"${SCRIPT_OUTPUT_FILE_0}\"\n";
			showEnvVarsInLog = 0;
		};
/* End PBXShellScriptBuildPhase section */

/* Begin PBXSourcesBuildPhase section */
		FDACBD4C26FD82A6002D1EFD /* Sources */ = {
			isa = PBXSourcesBuildPhase;
			buildActionMask = 2147483647;
			files = (
				FDACBD6A26FD8438002D1EFD /* CreditCard.swift in Sources */,
				FDACBD8527001DC7002D1EFD /* CardDetailViewController.swift in Sources */,
				FDACBD6D26FD882A002D1EFD /* CardListCell.swift in Sources */,
				FDACBD6826FD82DD002D1EFD /* CardListViewController.swift in Sources */,
				FDACBD8D27005BDF002D1EFD /* CreditCardDummy.swift in Sources */,
				FDACBD5426FD82A6002D1EFD /* AppDelegate.swift in Sources */,
				FDACBD5626FD82A6002D1EFD /* SceneDelegate.swift in Sources */,
			);
			runOnlyForDeploymentPostprocessing = 0;
		};
		FDACBD7127001D05002D1EFD /* Sources */ = {
			isa = PBXSourcesBuildPhase;
			buildActionMask = 2147483647;
			files = (
				FDACBD7227001D05002D1EFD /* CreditCard.swift in Sources */,
				FDACBD7327001D05002D1EFD /* CardListCell.swift in Sources */,
				FDACBD7427001D05002D1EFD /* CardListViewController.swift in Sources */,
				FDACBD7527001D05002D1EFD /* AppDelegate.swift in Sources */,
				FDACBD7627001D05002D1EFD /* SceneDelegate.swift in Sources */,
			);
			runOnlyForDeploymentPostprocessing = 0;
		};
/* End PBXSourcesBuildPhase section */

/* Begin PBXVariantGroup section */
		FDACBD5926FD82A6002D1EFD /* Main.storyboard */ = {
			isa = PBXVariantGroup;
			children = (
				FDACBD5A26FD82A6002D1EFD /* Base */,
			);
			name = Main.storyboard;
			sourceTree = "<group>";
		};
		FDACBD5E26FD82A7002D1EFD /* LaunchScreen.storyboard */ = {
			isa = PBXVariantGroup;
			children = (
				FDACBD5F26FD82A7002D1EFD /* Base */,
			);
			name = LaunchScreen.storyboard;
			sourceTree = "<group>";
		};
/* End PBXVariantGroup section */

/* Begin XCBuildConfiguration section */
		FDACBD6226FD82A7002D1EFD /* Debug */ = {
			isa = XCBuildConfiguration;
			buildSettings = {
				ALWAYS_SEARCH_USER_PATHS = NO;
				CLANG_ANALYZER_NONNULL = YES;
				CLANG_ANALYZER_NUMBER_OBJECT_CONVERSION = YES_AGGRESSIVE;
				CLANG_CXX_LANGUAGE_STANDARD = "gnu++14";
				CLANG_CXX_LIBRARY = "libc++";
				CLANG_ENABLE_MODULES = YES;
				CLANG_ENABLE_OBJC_ARC = YES;
				CLANG_ENABLE_OBJC_WEAK = YES;
				CLANG_WARN_BLOCK_CAPTURE_AUTORELEASING = YES;
				CLANG_WARN_BOOL_CONVERSION = YES;
				CLANG_WARN_COMMA = YES;
				CLANG_WARN_CONSTANT_CONVERSION = YES;
				CLANG_WARN_DEPRECATED_OBJC_IMPLEMENTATIONS = YES;
				CLANG_WARN_DIRECT_OBJC_ISA_USAGE = YES_ERROR;
				CLANG_WARN_DOCUMENTATION_COMMENTS = YES;
				CLANG_WARN_EMPTY_BODY = YES;
				CLANG_WARN_ENUM_CONVERSION = YES;
				CLANG_WARN_INFINITE_RECURSION = YES;
				CLANG_WARN_INT_CONVERSION = YES;
				CLANG_WARN_NON_LITERAL_NULL_CONVERSION = YES;
				CLANG_WARN_OBJC_IMPLICIT_RETAIN_SELF = YES;
				CLANG_WARN_OBJC_LITERAL_CONVERSION = YES;
				CLANG_WARN_OBJC_ROOT_CLASS = YES_ERROR;
				CLANG_WARN_QUOTED_INCLUDE_IN_FRAMEWORK_HEADER = YES;
				CLANG_WARN_RANGE_LOOP_ANALYSIS = YES;
				CLANG_WARN_STRICT_PROTOTYPES = YES;
				CLANG_WARN_SUSPICIOUS_MOVE = YES;
				CLANG_WARN_UNGUARDED_AVAILABILITY = YES_AGGRESSIVE;
				CLANG_WARN_UNREACHABLE_CODE = YES;
				CLANG_WARN__DUPLICATE_METHOD_MATCH = YES;
				COPY_PHASE_STRIP = NO;
				DEBUG_INFORMATION_FORMAT = dwarf;
				ENABLE_STRICT_OBJC_MSGSEND = YES;
				ENABLE_TESTABILITY = YES;
				GCC_C_LANGUAGE_STANDARD = gnu11;
				GCC_DYNAMIC_NO_PIC = NO;
				GCC_NO_COMMON_BLOCKS = YES;
				GCC_OPTIMIZATION_LEVEL = 0;
				GCC_PREPROCESSOR_DEFINITIONS = (
					"DEBUG=1",
					"$(inherited)",
				);
				GCC_WARN_64_TO_32_BIT_CONVERSION = YES;
				GCC_WARN_ABOUT_RETURN_TYPE = YES_ERROR;
				GCC_WARN_UNDECLARED_SELECTOR = YES;
				GCC_WARN_UNINITIALIZED_AUTOS = YES_AGGRESSIVE;
				GCC_WARN_UNUSED_FUNCTION = YES;
				GCC_WARN_UNUSED_VARIABLE = YES;
				IPHONEOS_DEPLOYMENT_TARGET = 14.5;
				MTL_ENABLE_DEBUG_INFO = INCLUDE_SOURCE;
				MTL_FAST_MATH = YES;
				ONLY_ACTIVE_ARCH = YES;
				SDKROOT = iphoneos;
				SWIFT_ACTIVE_COMPILATION_CONDITIONS = DEBUG;
				SWIFT_OPTIMIZATION_LEVEL = "-Onone";
			};
			name = Debug;
		};
		FDACBD6326FD82A7002D1EFD /* Release */ = {
			isa = XCBuildConfiguration;
			buildSettings = {
				ALWAYS_SEARCH_USER_PATHS = NO;
				CLANG_ANALYZER_NONNULL = YES;
				CLANG_ANALYZER_NUMBER_OBJECT_CONVERSION = YES_AGGRESSIVE;
				CLANG_CXX_LANGUAGE_STANDARD = "gnu++14";
				CLANG_CXX_LIBRARY = "libc++";
				CLANG_ENABLE_MODULES = YES;
				CLANG_ENABLE_OBJC_ARC = YES;
				CLANG_ENABLE_OBJC_WEAK = YES;
				CLANG_WARN_BLOCK_CAPTURE_AUTORELEASING = YES;
				CLANG_WARN_BOOL_CONVERSION = YES;
				CLANG_WARN_COMMA = YES;
				CLANG_WARN_CONSTANT_CONVERSION = YES;
				CLANG_WARN_DEPRECATED_OBJC_IMPLEMENTATIONS = YES;
				CLANG_WARN_DIRECT_OBJC_ISA_USAGE = YES_ERROR;
				CLANG_WARN_DOCUMENTATION_COMMENTS = YES;
				CLANG_WARN_EMPTY_BODY = YES;
				CLANG_WARN_ENUM_CONVERSION = YES;
				CLANG_WARN_INFINITE_RECURSION = YES;
				CLANG_WARN_INT_CONVERSION = YES;
				CLANG_WARN_NON_LITERAL_NULL_CONVERSION = YES;
				CLANG_WARN_OBJC_IMPLICIT_RETAIN_SELF = YES;
				CLANG_WARN_OBJC_LITERAL_CONVERSION = YES;
				CLANG_WARN_OBJC_ROOT_CLASS = YES_ERROR;
				CLANG_WARN_QUOTED_INCLUDE_IN_FRAMEWORK_HEADER = YES;
				CLANG_WARN_RANGE_LOOP_ANALYSIS = YES;
				CLANG_WARN_STRICT_PROTOTYPES = YES;
				CLANG_WARN_SUSPICIOUS_MOVE = YES;
				CLANG_WARN_UNGUARDED_AVAILABILITY = YES_AGGRESSIVE;
				CLANG_WARN_UNREACHABLE_CODE = YES;
				CLANG_WARN__DUPLICATE_METHOD_MATCH = YES;
				COPY_PHASE_STRIP = NO;
				DEBUG_INFORMATION_FORMAT = "dwarf-with-dsym";
				ENABLE_NS_ASSERTIONS = NO;
				ENABLE_STRICT_OBJC_MSGSEND = YES;
				GCC_C_LANGUAGE_STANDARD = gnu11;
				GCC_NO_COMMON_BLOCKS = YES;
				GCC_WARN_64_TO_32_BIT_CONVERSION = YES;
				GCC_WARN_ABOUT_RETURN_TYPE = YES_ERROR;
				GCC_WARN_UNDECLARED_SELECTOR = YES;
				GCC_WARN_UNINITIALIZED_AUTOS = YES_AGGRESSIVE;
				GCC_WARN_UNUSED_FUNCTION = YES;
				GCC_WARN_UNUSED_VARIABLE = YES;
				IPHONEOS_DEPLOYMENT_TARGET = 14.5;
				MTL_ENABLE_DEBUG_INFO = NO;
				MTL_FAST_MATH = YES;
				SDKROOT = iphoneos;
				SWIFT_COMPILATION_MODE = wholemodule;
				SWIFT_OPTIMIZATION_LEVEL = "-O";
				VALIDATE_PRODUCT = YES;
			};
			name = Release;
		};
		FDACBD6526FD82A7002D1EFD /* Debug */ = {
			isa = XCBuildConfiguration;
			baseConfigurationReference = 170B124EAAE6E04A4055C349 /* Pods-CreditCardRecommendList.debug.xcconfig */;
			buildSettings = {
				ASSETCATALOG_COMPILER_APPICON_NAME = AppIcon;
				ASSETCATALOG_COMPILER_GLOBAL_ACCENT_COLOR_NAME = AccentColor;
				CODE_SIGN_STYLE = Automatic;
				DEVELOPMENT_TEAM = SQ5T25W9V5;
				INFOPLIST_FILE = CreditCardRecommendList/Info.plist;
				LD_RUNPATH_SEARCH_PATHS = (
					"$(inherited)",
					"@executable_path/Frameworks",
				);
				PRODUCT_BUNDLE_IDENTIFIER = kr.co.project.CreditCardRecommendList;
				PRODUCT_NAME = "$(TARGET_NAME)";
				SWIFT_VERSION = 5.0;
				TARGETED_DEVICE_FAMILY = "1,2";
			};
			name = Debug;
		};
		FDACBD6626FD82A7002D1EFD /* Release */ = {
			isa = XCBuildConfiguration;
			baseConfigurationReference = CB2FF0DBA07EB519CF1243AB /* Pods-CreditCardRecommendList.release.xcconfig */;
			buildSettings = {
				ASSETCATALOG_COMPILER_APPICON_NAME = AppIcon;
				ASSETCATALOG_COMPILER_GLOBAL_ACCENT_COLOR_NAME = AccentColor;
				CODE_SIGN_STYLE = Automatic;
				DEVELOPMENT_TEAM = SQ5T25W9V5;
				INFOPLIST_FILE = CreditCardRecommendList/Info.plist;
				LD_RUNPATH_SEARCH_PATHS = (
					"$(inherited)",
					"@executable_path/Frameworks",
				);
				PRODUCT_BUNDLE_IDENTIFIER = kr.co.project.CreditCardRecommendList;
				PRODUCT_NAME = "$(TARGET_NAME)";
				SWIFT_VERSION = 5.0;
				TARGETED_DEVICE_FAMILY = "1,2";
			};
			name = Release;
		};
		FDACBD8027001D05002D1EFD /* Debug */ = {
			isa = XCBuildConfiguration;
			buildSettings = {
				ASSETCATALOG_COMPILER_APPICON_NAME = AppIcon;
				ASSETCATALOG_COMPILER_GLOBAL_ACCENT_COLOR_NAME = AccentColor;
				CODE_SIGN_STYLE = Automatic;
				DEVELOPMENT_TEAM = SQ5T25W9V5;
				INFOPLIST_FILE = "CreditCardRecommendList copy-Info.plist";
				LD_RUNPATH_SEARCH_PATHS = (
					"$(inherited)",
					"@executable_path/Frameworks",
				);
				PRODUCT_BUNDLE_IDENTIFIER = kr.co.project.CreditCardRecommendList;
				PRODUCT_NAME = "$(TARGET_NAME)";
				SWIFT_VERSION = 5.0;
				TARGETED_DEVICE_FAMILY = "1,2";
			};
			name = Debug;
		};
		FDACBD8127001D05002D1EFD /* Release */ = {
			isa = XCBuildConfiguration;
			buildSettings = {
				ASSETCATALOG_COMPILER_APPICON_NAME = AppIcon;
				ASSETCATALOG_COMPILER_GLOBAL_ACCENT_COLOR_NAME = AccentColor;
				CODE_SIGN_STYLE = Automatic;
				DEVELOPMENT_TEAM = SQ5T25W9V5;
				INFOPLIST_FILE = "CreditCardRecommendList copy-Info.plist";
				LD_RUNPATH_SEARCH_PATHS = (
					"$(inherited)",
					"@executable_path/Frameworks",
				);
				PRODUCT_BUNDLE_IDENTIFIER = kr.co.project.CreditCardRecommendList;
				PRODUCT_NAME = "$(TARGET_NAME)";
				SWIFT_VERSION = 5.0;
				TARGETED_DEVICE_FAMILY = "1,2";
			};
			name = Release;
		};
/* End XCBuildConfiguration section */

/* Begin XCConfigurationList section */
		FDACBD4B26FD82A6002D1EFD /* Build configuration list for PBXProject "CreditCardRecommendList" */ = {
			isa = XCConfigurationList;
			buildConfigurations = (
				FDACBD6226FD82A7002D1EFD /* Debug */,
				FDACBD6326FD82A7002D1EFD /* Release */,
			);
			defaultConfigurationIsVisible = 0;
			defaultConfigurationName = Release;
		};
		FDACBD6426FD82A7002D1EFD /* Build configuration list for PBXNativeTarget "CreditCardRecommendList" */ = {
			isa = XCConfigurationList;
			buildConfigurations = (
				FDACBD6526FD82A7002D1EFD /* Debug */,
				FDACBD6626FD82A7002D1EFD /* Release */,
			);
			defaultConfigurationIsVisible = 0;
			defaultConfigurationName = Release;
		};
		FDACBD7F27001D05002D1EFD /* Build configuration list for PBXNativeTarget "CreditCardRecommendList copy" */ = {
			isa = XCConfigurationList;
			buildConfigurations = (
				FDACBD8027001D05002D1EFD /* Debug */,
				FDACBD8127001D05002D1EFD /* Release */,
			);
			defaultConfigurationIsVisible = 0;
			defaultConfigurationName = Release;
		};
/* End XCConfigurationList section */
	};
	rootObject = FDACBD4826FD82A6002D1EFD /* Project object */;
}
