// !$*UTF8*$!
{
	archiveVersion = 1;
	classes = {
	};
	objectVersion = 51;
	objects = {

/* Begin PBXBuildFile section */
		EA4216987323CB11F6AE8332 /* Pods_LoginProject.framework in Frameworks */ = {isa = PBXBuildFile; fileRef = AE5D4D761A39A2C519C91830 /* Pods_LoginProject.framework */; };
		FDC58AD126F82FEF0034619E /* AppDelegate.swift in Sources */ = {isa = PBXBuildFile; fileRef = FDC58AD026F82FEF0034619E /* AppDelegate.swift */; };
		FDC58AD326F82FEF0034619E /* SceneDelegate.swift in Sources */ = {isa = PBXBuildFile; fileRef = FDC58AD226F82FEF0034619E /* SceneDelegate.swift */; };
		FDC58AD526F82FEF0034619E /* ViewController.swift in Sources */ = {isa = PBXBuildFile; fileRef = FDC58AD426F82FEF0034619E /* ViewController.swift */; };
		FDC58AD826F82FEF0034619E /* Main.storyboard in Resources */ = {isa = PBXBuildFile; fileRef = FDC58AD626F82FEF0034619E /* Main.storyboard */; };
		FDC58ADA26F82FEF0034619E /* Assets.xcassets in Resources */ = {isa = PBXBuildFile; fileRef = FDC58AD926F82FEF0034619E /* Assets.xcassets */; };
		FDC58ADD26F82FEF0034619E /* LaunchScreen.storyboard in Resources */ = {isa = PBXBuildFile; fileRef = FDC58ADB26F82FEF0034619E /* LaunchScreen.storyboard */; };
		FDC58AE726F830870034619E /* LoginViewController.swift in Sources */ = {isa = PBXBuildFile; fileRef = FDC58AE626F830870034619E /* LoginViewController.swift */; };
		FDDBBBA026F85F2500262D9B /* EmailViewController.swift in Sources */ = {isa = PBXBuildFile; fileRef = FDDBBB9F26F85F2500262D9B /* EmailViewController.swift */; };
		FDDBBBA226F86EBC00262D9B /* MainViewController.swift in Sources */ = {isa = PBXBuildFile; fileRef = FDDBBBA126F86EBC00262D9B /* MainViewController.swift */; };
		FDDBBBA426F8714600262D9B /* GoogleService-Info.plist in Resources */ = {isa = PBXBuildFile; fileRef = FDDBBBA326F8714600262D9B /* GoogleService-Info.plist */; };
/* End PBXBuildFile section */

/* Begin PBXFileReference section */
		7F1BD5E94F49DBF33A8E9010 /* Pods-LoginProject.release.xcconfig */ = {isa = PBXFileReference; includeInIndex = 1; lastKnownFileType = text.xcconfig; name = "Pods-LoginProject.release.xcconfig"; path = "Target Support Files/Pods-LoginProject/Pods-LoginProject.release.xcconfig"; sourceTree = "<group>"; };
		AE5D4D761A39A2C519C91830 /* Pods_LoginProject.framework */ = {isa = PBXFileReference; explicitFileType = wrapper.framework; includeInIndex = 0; path = Pods_LoginProject.framework; sourceTree = BUILT_PRODUCTS_DIR; };
		B4D91ECFD8ECFFD60547D7D1 /* Pods-LoginProject.debug.xcconfig */ = {isa = PBXFileReference; includeInIndex = 1; lastKnownFileType = text.xcconfig; name = "Pods-LoginProject.debug.xcconfig"; path = "Target Support Files/Pods-LoginProject/Pods-LoginProject.debug.xcconfig"; sourceTree = "<group>"; };
		FDC58ACD26F82FEF0034619E /* LoginProject.app */ = {isa = PBXFileReference; explicitFileType = wrapper.application; includeInIndex = 0; path = LoginProject.app; sourceTree = BUILT_PRODUCTS_DIR; };
		FDC58AD026F82FEF0034619E /* AppDelegate.swift */ = {isa = PBXFileReference; lastKnownFileType = sourcecode.swift; path = AppDelegate.swift; sourceTree = "<group>"; };
		FDC58AD226F82FEF0034619E /* SceneDelegate.swift */ = {isa = PBXFileReference; lastKnownFileType = sourcecode.swift; path = SceneDelegate.swift; sourceTree = "<group>"; };
		FDC58AD426F82FEF0034619E /* ViewController.swift */ = {isa = PBXFileReference; lastKnownFileType = sourcecode.swift; path = ViewController.swift; sourceTree = "<group>"; };
		FDC58AD726F82FEF0034619E /* Base */ = {isa = PBXFileReference; lastKnownFileType = file.storyboard; name = Base; path = Base.lproj/Main.storyboard; sourceTree = "<group>"; };
		FDC58AD926F82FEF0034619E /* Assets.xcassets */ = {isa = PBXFileReference; lastKnownFileType = folder.assetcatalog; path = Assets.xcassets; sourceTree = "<group>"; };
		FDC58ADC26F82FEF0034619E /* Base */ = {isa = PBXFileReference; lastKnownFileType = file.storyboard; name = Base; path = Base.lproj/LaunchScreen.storyboard; sourceTree = "<group>"; };
		FDC58ADE26F82FEF0034619E /* Info.plist */ = {isa = PBXFileReference; lastKnownFileType = text.plist.xml; path = Info.plist; sourceTree = "<group>"; };
		FDC58AE626F830870034619E /* LoginViewController.swift */ = {isa = PBXFileReference; lastKnownFileType = sourcecode.swift; path = LoginViewController.swift; sourceTree = "<group>"; };
		FDDBBB9F26F85F2500262D9B /* EmailViewController.swift */ = {isa = PBXFileReference; lastKnownFileType = sourcecode.swift; path = EmailViewController.swift; sourceTree = "<group>"; };
		FDDBBBA126F86EBC00262D9B /* MainViewController.swift */ = {isa = PBXFileReference; lastKnownFileType = sourcecode.swift; path = MainViewController.swift; sourceTree = "<group>"; };
		FDDBBBA326F8714600262D9B /* GoogleService-Info.plist */ = {isa = PBXFileReference; fileEncoding = 4; lastKnownFileType = text.plist.xml; path = "GoogleService-Info.plist"; sourceTree = "<group>"; };
/* End PBXFileReference section */

/* Begin PBXFrameworksBuildPhase section */
		FDC58ACA26F82FEF0034619E /* Frameworks */ = {
			isa = PBXFrameworksBuildPhase;
			buildActionMask = 2147483647;
			files = (
				EA4216987323CB11F6AE8332 /* Pods_LoginProject.framework in Frameworks */,
			);
			runOnlyForDeploymentPostprocessing = 0;
		};
/* End PBXFrameworksBuildPhase section */

/* Begin PBXGroup section */
		10E0A17B7EF380AB4065911D /* Pods */ = {
			isa = PBXGroup;
			children = (
				B4D91ECFD8ECFFD60547D7D1 /* Pods-LoginProject.debug.xcconfig */,
				7F1BD5E94F49DBF33A8E9010 /* Pods-LoginProject.release.xcconfig */,
			);
			path = Pods;
			sourceTree = "<group>";
		};
		6D6BF74DCB4B4A9DCAC5C160 /* Frameworks */ = {
			isa = PBXGroup;
			children = (
				AE5D4D761A39A2C519C91830 /* Pods_LoginProject.framework */,
			);
			name = Frameworks;
			sourceTree = "<group>";
		};
		FDC58AC426F82FEF0034619E = {
			isa = PBXGroup;
			children = (
				FDC58ACF26F82FEF0034619E /* LoginProject */,
				FDC58ACE26F82FEF0034619E /* Products */,
				10E0A17B7EF380AB4065911D /* Pods */,
				6D6BF74DCB4B4A9DCAC5C160 /* Frameworks */,
			);
			sourceTree = "<group>";
		};
		FDC58ACE26F82FEF0034619E /* Products */ = {
			isa = PBXGroup;
			children = (
				FDC58ACD26F82FEF0034619E /* LoginProject.app */,
			);
			name = Products;
			sourceTree = "<group>";
		};
		FDC58ACF26F82FEF0034619E /* LoginProject */ = {
			isa = PBXGroup;
			children = (
				FDC58AD026F82FEF0034619E /* AppDelegate.swift */,
				FDC58AD226F82FEF0034619E /* SceneDelegate.swift */,
				FDC58AD426F82FEF0034619E /* ViewController.swift */,
				FDC58AD626F82FEF0034619E /* Main.storyboard */,
				FDC58AD926F82FEF0034619E /* Assets.xcassets */,
				FDC58ADB26F82FEF0034619E /* LaunchScreen.storyboard */,
				FDC58ADE26F82FEF0034619E /* Info.plist */,
				FDC58AE626F830870034619E /* LoginViewController.swift */,
				FDDBBB9F26F85F2500262D9B /* EmailViewController.swift */,
				FDDBBBA126F86EBC00262D9B /* MainViewController.swift */,
				FDDBBBA326F8714600262D9B /* GoogleService-Info.plist */,
			);
			path = LoginProject;
			sourceTree = "<group>";
		};
/* End PBXGroup section */

/* Begin PBXNativeTarget section */
		FDC58ACC26F82FEF0034619E /* LoginProject */ = {
			isa = PBXNativeTarget;
			buildConfigurationList = FDC58AE126F82FEF0034619E /* Build configuration list for PBXNativeTarget "LoginProject" */;
			buildPhases = (
				C5CD1C0B8531B7D898550E54 /* [CP] Check Pods Manifest.lock */,
				FDC58AC926F82FEF0034619E /* Sources */,
				FDC58ACA26F82FEF0034619E /* Frameworks */,
				FDC58ACB26F82FEF0034619E /* Resources */,
				2EDDB264B294550C20A8B2F3 /* [CP] Embed Pods Frameworks */,
				783F55849BF72E7BA842E206 /* [CP] Copy Pods Resources */,
			);
			buildRules = (
			);
			dependencies = (
			);
			name = LoginProject;
			productName = LoginProject;
			productReference = FDC58ACD26F82FEF0034619E /* LoginProject.app */;
			productType = "com.apple.product-type.application";
		};
/* End PBXNativeTarget section */

/* Begin PBXProject section */
		FDC58AC526F82FEF0034619E /* Project object */ = {
			isa = PBXProject;
			attributes = {
				LastSwiftUpdateCheck = 1250;
				LastUpgradeCheck = 1250;
				TargetAttributes = {
					FDC58ACC26F82FEF0034619E = {
						CreatedOnToolsVersion = 12.5;
					};
				};
			};
			buildConfigurationList = FDC58AC826F82FEF0034619E /* Build configuration list for PBXProject "LoginProject" */;
			compatibilityVersion = "Xcode 9.3";
			developmentRegion = en;
			hasScannedForEncodings = 0;
			knownRegions = (
				en,
				Base,
			);
			mainGroup = FDC58AC426F82FEF0034619E;
			productRefGroup = FDC58ACE26F82FEF0034619E /* Products */;
			projectDirPath = "";
			projectRoot = "";
			targets = (
				FDC58ACC26F82FEF0034619E /* LoginProject */,
			);
		};
/* End PBXProject section */

/* Begin PBXResourcesBuildPhase section */
		FDC58ACB26F82FEF0034619E /* Resources */ = {
			isa = PBXResourcesBuildPhase;
			buildActionMask = 2147483647;
			files = (
				FDC58ADD26F82FEF0034619E /* LaunchScreen.storyboard in Resources */,
				FDDBBBA426F8714600262D9B /* GoogleService-Info.plist in Resources */,
				FDC58ADA26F82FEF0034619E /* Assets.xcassets in Resources */,
				FDC58AD826F82FEF0034619E /* Main.storyboard in Resources */,
			);
			runOnlyForDeploymentPostprocessing = 0;
		};
/* End PBXResourcesBuildPhase section */

/* Begin PBXShellScriptBuildPhase section */
		2EDDB264B294550C20A8B2F3 /* [CP] Embed Pods Frameworks */ = {
			isa = PBXShellScriptBuildPhase;
			buildActionMask = 2147483647;
			files = (
			);
			inputFileListPaths = (
				"${PODS_ROOT}/Target Support Files/Pods-LoginProject/Pods-LoginProject-frameworks-${CONFIGURATION}-input-files.xcfilelist",
			);
			name = "[CP] Embed Pods Frameworks";
			outputFileListPaths = (
				"${PODS_ROOT}/Target Support Files/Pods-LoginProject/Pods-LoginProject-frameworks-${CONFIGURATION}-output-files.xcfilelist",
			);
			runOnlyForDeploymentPostprocessing = 0;
			shellPath = /bin/sh;
			shellScript = "\"${PODS_ROOT}/Target Support Files/Pods-LoginProject/Pods-LoginProject-frameworks.sh\"\n";
			showEnvVarsInLog = 0;
		};
		783F55849BF72E7BA842E206 /* [CP] Copy Pods Resources */ = {
			isa = PBXShellScriptBuildPhase;
			buildActionMask = 2147483647;
			files = (
			);
			inputFileListPaths = (
				"${PODS_ROOT}/Target Support Files/Pods-LoginProject/Pods-LoginProject-resources-${CONFIGURATION}-input-files.xcfilelist",
			);
			name = "[CP] Copy Pods Resources";
			outputFileListPaths = (
				"${PODS_ROOT}/Target Support Files/Pods-LoginProject/Pods-LoginProject-resources-${CONFIGURATION}-output-files.xcfilelist",
			);
			runOnlyForDeploymentPostprocessing = 0;
			shellPath = /bin/sh;
			shellScript = "\"${PODS_ROOT}/Target Support Files/Pods-LoginProject/Pods-LoginProject-resources.sh\"\n";
			showEnvVarsInLog = 0;
		};
		C5CD1C0B8531B7D898550E54 /* [CP] Check Pods Manifest.lock */ = {
			isa = PBXShellScriptBuildPhase;
			buildActionMask = 2147483647;
			files = (
			);
			inputFileListPaths = (
			);
			inputPaths = (
				"${PODS_PODFILE_DIR_PATH}/Podfile.lock",
				"${PODS_ROOT}/Manifest.lock",
			);
			name = "[CP] Check Pods Manifest.lock";
			outputFileListPaths = (
			);
			outputPaths = (
				"$(DERIVED_FILE_DIR)/Pods-LoginProject-checkManifestLockResult.txt",
			);
			runOnlyForDeploymentPostprocessing = 0;
			shellPath = /bin/sh;
			shellScript = "diff \"${PODS_PODFILE_DIR_PATH}/Podfile.lock\" \"${PODS_ROOT}/Manifest.lock\" > /dev/null\nif [ $? != 0 ] ; then\n    # print error to STDERR\n    echo \"error: The sandbox is not in sync with the Podfile.lock. Run 'pod install' or update your CocoaPods installation.\" >&2\n    exit 1\nfi\n# This output is used by Xcode 'outputs' to avoid re-running this script phase.\necho \"SUCCESS\" > \"${SCRIPT_OUTPUT_FILE_0}\"\n";
			showEnvVarsInLog = 0;
		};
/* End PBXShellScriptBuildPhase section */

/* Begin PBXSourcesBuildPhase section */
		FDC58AC926F82FEF0034619E /* Sources */ = {
			isa = PBXSourcesBuildPhase;
			buildActionMask = 2147483647;
			files = (
				FDC58AE726F830870034619E /* LoginViewController.swift in Sources */,
				FDC58AD526F82FEF0034619E /* ViewController.swift in Sources */,
				FDC58AD126F82FEF0034619E /* AppDelegate.swift in Sources */,
				FDDBBBA226F86EBC00262D9B /* MainViewController.swift in Sources */,
				FDC58AD326F82FEF0034619E /* SceneDelegate.swift in Sources */,
				FDDBBBA026F85F2500262D9B /* EmailViewController.swift in Sources */,
			);
			runOnlyForDeploymentPostprocessing = 0;
		};
/* End PBXSourcesBuildPhase section */

/* Begin PBXVariantGroup section */
		FDC58AD626F82FEF0034619E /* Main.storyboard */ = {
			isa = PBXVariantGroup;
			children = (
				FDC58AD726F82FEF0034619E /* Base */,
			);
			name = Main.storyboard;
			sourceTree = "<group>";
		};
		FDC58ADB26F82FEF0034619E /* LaunchScreen.storyboard */ = {
			isa = PBXVariantGroup;
			children = (
				FDC58ADC26F82FEF0034619E /* Base */,
			);
			name = LaunchScreen.storyboard;
			sourceTree = "<group>";
		};
/* End PBXVariantGroup section */

/* Begin XCBuildConfiguration section */
		FDC58ADF26F82FEF0034619E /* Debug */ = {
			isa = XCBuildConfiguration;
			buildSettings = {
				ALWAYS_SEARCH_USER_PATHS = NO;
				CLANG_ANALYZER_NONNULL = YES;
				CLANG_ANALYZER_NUMBER_OBJECT_CONVERSION = YES_AGGRESSIVE;
				CLANG_CXX_LANGUAGE_STANDARD = "gnu++14";
				CLANG_CXX_LIBRARY = "libc++";
				CLANG_ENABLE_MODULES = YES;
				CLANG_ENABLE_OBJC_ARC = YES;
				CLANG_ENABLE_OBJC_WEAK = YES;
				CLANG_WARN_BLOCK_CAPTURE_AUTORELEASING = YES;
				CLANG_WARN_BOOL_CONVERSION = YES;
				CLANG_WARN_COMMA = YES;
				CLANG_WARN_CONSTANT_CONVERSION = YES;
				CLANG_WARN_DEPRECATED_OBJC_IMPLEMENTATIONS = YES;
				CLANG_WARN_DIRECT_OBJC_ISA_USAGE = YES_ERROR;
				CLANG_WARN_DOCUMENTATION_COMMENTS = YES;
				CLANG_WARN_EMPTY_BODY = YES;
				CLANG_WARN_ENUM_CONVERSION = YES;
				CLANG_WARN_INFINITE_RECURSION = YES;
				CLANG_WARN_INT_CONVERSION = YES;
				CLANG_WARN_NON_LITERAL_NULL_CONVERSION = YES;
				CLANG_WARN_OBJC_IMPLICIT_RETAIN_SELF = YES;
				CLANG_WARN_OBJC_LITERAL_CONVERSION = YES;
				CLANG_WARN_OBJC_ROOT_CLASS = YES_ERROR;
				CLANG_WARN_QUOTED_INCLUDE_IN_FRAMEWORK_HEADER = YES;
				CLANG_WARN_RANGE_LOOP_ANALYSIS = YES;
				CLANG_WARN_STRICT_PROTOTYPES = YES;
				CLANG_WARN_SUSPICIOUS_MOVE = YES;
				CLANG_WARN_UNGUARDED_AVAILABILITY = YES_AGGRESSIVE;
				CLANG_WARN_UNREACHABLE_CODE = YES;
				CLANG_WARN__DUPLICATE_METHOD_MATCH = YES;
				COPY_PHASE_STRIP = NO;
				DEBUG_INFORMATION_FORMAT = dwarf;
				ENABLE_STRICT_OBJC_MSGSEND = YES;
				ENABLE_TESTABILITY = YES;
				GCC_C_LANGUAGE_STANDARD = gnu11;
				GCC_DYNAMIC_NO_PIC = NO;
				GCC_NO_COMMON_BLOCKS = YES;
				GCC_OPTIMIZATION_LEVEL = 0;
				GCC_PREPROCESSOR_DEFINITIONS = (
					"DEBUG=1",
					"$(inherited)",
				);
				GCC_WARN_64_TO_32_BIT_CONVERSION = YES;
				GCC_WARN_ABOUT_RETURN_TYPE = YES_ERROR;
				GCC_WARN_UNDECLARED_SELECTOR = YES;
				GCC_WARN_UNINITIALIZED_AUTOS = YES_AGGRESSIVE;
				GCC_WARN_UNUSED_FUNCTION = YES;
				GCC_WARN_UNUSED_VARIABLE = YES;
				IPHONEOS_DEPLOYMENT_TARGET = 14.5;
				MTL_ENABLE_DEBUG_INFO = INCLUDE_SOURCE;
				MTL_FAST_MATH = YES;
				ONLY_ACTIVE_ARCH = YES;
				SDKROOT = iphoneos;
				SWIFT_ACTIVE_COMPILATION_CONDITIONS = DEBUG;
				SWIFT_OPTIMIZATION_LEVEL = "-Onone";
			};
			name = Debug;
		};
		FDC58AE026F82FEF0034619E /* Release */ = {
			isa = XCBuildConfiguration;
			buildSettings = {
				ALWAYS_SEARCH_USER_PATHS = NO;
				CLANG_ANALYZER_NONNULL = YES;
				CLANG_ANALYZER_NUMBER_OBJECT_CONVERSION = YES_AGGRESSIVE;
				CLANG_CXX_LANGUAGE_STANDARD = "gnu++14";
				CLANG_CXX_LIBRARY = "libc++";
				CLANG_ENABLE_MODULES = YES;
				CLANG_ENABLE_OBJC_ARC = YES;
				CLANG_ENABLE_OBJC_WEAK = YES;
				CLANG_WARN_BLOCK_CAPTURE_AUTORELEASING = YES;
				CLANG_WARN_BOOL_CONVERSION = YES;
				CLANG_WARN_COMMA = YES;
				CLANG_WARN_CONSTANT_CONVERSION = YES;
				CLANG_WARN_DEPRECATED_OBJC_IMPLEMENTATIONS = YES;
				CLANG_WARN_DIRECT_OBJC_ISA_USAGE = YES_ERROR;
				CLANG_WARN_DOCUMENTATION_COMMENTS = YES;
				CLANG_WARN_EMPTY_BODY = YES;
				CLANG_WARN_ENUM_CONVERSION = YES;
				CLANG_WARN_INFINITE_RECURSION = YES;
				CLANG_WARN_INT_CONVERSION = YES;
				CLANG_WARN_NON_LITERAL_NULL_CONVERSION = YES;
				CLANG_WARN_OBJC_IMPLICIT_RETAIN_SELF = YES;
				CLANG_WARN_OBJC_LITERAL_CONVERSION = YES;
				CLANG_WARN_OBJC_ROOT_CLASS = YES_ERROR;
				CLANG_WARN_QUOTED_INCLUDE_IN_FRAMEWORK_HEADER = YES;
				CLANG_WARN_RANGE_LOOP_ANALYSIS = YES;
				CLANG_WARN_STRICT_PROTOTYPES = YES;
				CLANG_WARN_SUSPICIOUS_MOVE = YES;
				CLANG_WARN_UNGUARDED_AVAILABILITY = YES_AGGRESSIVE;
				CLANG_WARN_UNREACHABLE_CODE = YES;
				CLANG_WARN__DUPLICATE_METHOD_MATCH = YES;
				COPY_PHASE_STRIP = NO;
				DEBUG_INFORMATION_FORMAT = "dwarf-with-dsym";
				ENABLE_NS_ASSERTIONS = NO;
				ENABLE_STRICT_OBJC_MSGSEND = YES;
				GCC_C_LANGUAGE_STANDARD = gnu11;
				GCC_NO_COMMON_BLOCKS = YES;
				GCC_WARN_64_TO_32_BIT_CONVERSION = YES;
				GCC_WARN_ABOUT_RETURN_TYPE = YES_ERROR;
				GCC_WARN_UNDECLARED_SELECTOR = YES;
				GCC_WARN_UNINITIALIZED_AUTOS = YES_AGGRESSIVE;
				GCC_WARN_UNUSED_FUNCTION = YES;
				GCC_WARN_UNUSED_VARIABLE = YES;
				IPHONEOS_DEPLOYMENT_TARGET = 14.5;
				MTL_ENABLE_DEBUG_INFO = NO;
				MTL_FAST_MATH = YES;
				SDKROOT = iphoneos;
				SWIFT_COMPILATION_MODE = wholemodule;
				SWIFT_OPTIMIZATION_LEVEL = "-O";
				VALIDATE_PRODUCT = YES;
			};
			name = Release;
		};
		FDC58AE226F82FEF0034619E /* Debug */ = {
			isa = XCBuildConfiguration;
			baseConfigurationReference = B4D91ECFD8ECFFD60547D7D1 /* Pods-LoginProject.debug.xcconfig */;
			buildSettings = {
				ASSETCATALOG_COMPILER_APPICON_NAME = AppIcon;
				ASSETCATALOG_COMPILER_GLOBAL_ACCENT_COLOR_NAME = AccentColor;
				CODE_SIGN_STYLE = Automatic;
				DEVELOPMENT_TEAM = SQ5T25W9V5;
				INFOPLIST_FILE = LoginProject/Info.plist;
				LD_RUNPATH_SEARCH_PATHS = (
					"$(inherited)",
					"@executable_path/Frameworks",
				);
				PRODUCT_BUNDLE_IDENTIFIER = kr.co.project.LoginProject;
				PRODUCT_NAME = "$(TARGET_NAME)";
				SWIFT_VERSION = 5.0;
				TARGETED_DEVICE_FAMILY = "1,2";
			};
			name = Debug;
		};
		FDC58AE326F82FEF0034619E /* Release */ = {
			isa = XCBuildConfiguration;
			baseConfigurationReference = 7F1BD5E94F49DBF33A8E9010 /* Pods-LoginProject.release.xcconfig */;
			buildSettings = {
				ASSETCATALOG_COMPILER_APPICON_NAME = AppIcon;
				ASSETCATALOG_COMPILER_GLOBAL_ACCENT_COLOR_NAME = AccentColor;
				CODE_SIGN_STYLE = Automatic;
				DEVELOPMENT_TEAM = SQ5T25W9V5;
				INFOPLIST_FILE = LoginProject/Info.plist;
				LD_RUNPATH_SEARCH_PATHS = (
					"$(inherited)",
					"@executable_path/Frameworks",
				);
				PRODUCT_BUNDLE_IDENTIFIER = kr.co.project.LoginProject;
				PRODUCT_NAME = "$(TARGET_NAME)";
				SWIFT_VERSION = 5.0;
				TARGETED_DEVICE_FAMILY = "1,2";
			};
			name = Release;
		};
/* End XCBuildConfiguration section */

/* Begin XCConfigurationList section */
		FDC58AC826F82FEF0034619E /* Build configuration list for PBXProject "LoginProject" */ = {
			isa = XCConfigurationList;
			buildConfigurations = (
				FDC58ADF26F82FEF0034619E /* Debug */,
				FDC58AE026F82FEF0034619E /* Release */,
			);
			defaultConfigurationIsVisible = 0;
			defaultConfigurationName = Release;
		};
		FDC58AE126F82FEF0034619E /* Build configuration list for PBXNativeTarget "LoginProject" */ = {
			isa = XCConfigurationList;
			buildConfigurations = (
				FDC58AE226F82FEF0034619E /* Debug */,
				FDC58AE326F82FEF0034619E /* Release */,
			);
			defaultConfigurationIsVisible = 0;
			defaultConfigurationName = Release;
		};
/* End XCConfigurationList section */
	};
	rootObject = FDC58AC526F82FEF0034619E /* Project object */;
}
