// !$*UTF8*$!
{
	archiveVersion = 1;
	classes = {
	};
	objectVersion = 50;
	objects = {

/* Begin PBXBuildFile section */
		FD26CCFF2711DB8700B674B7 /* AppDelegate.swift in Sources */ = {isa = PBXBuildFile; fileRef = FD26CCFE2711DB8700B674B7 /* AppDelegate.swift */; };
		FD26CD012711DB8700B674B7 /* SceneDelegate.swift in Sources */ = {isa = PBXBuildFile; fileRef = FD26CD002711DB8700B674B7 /* SceneDelegate.swift */; };
		FD26CD032711DB8700B674B7 /* ContentView.swift in Sources */ = {isa = PBXBuildFile; fileRef = FD26CD022711DB8700B674B7 /* ContentView.swift */; };
		FD26CD052711DB8700B674B7 /* Assets.xcassets in Resources */ = {isa = PBXBuildFile; fileRef = FD26CD042711DB8700B674B7 /* Assets.xcassets */; };
		FD26CD082711DB8700B674B7 /* Preview Assets.xcassets in Resources */ = {isa = PBXBuildFile; fileRef = FD26CD072711DB8700B674B7 /* Preview Assets.xcassets */; };
		FD26CD0B2711DB8700B674B7 /* LaunchScreen.storyboard in Resources */ = {isa = PBXBuildFile; fileRef = FD26CD092711DB8700B674B7 /* LaunchScreen.storyboard */; };
		FD26CD132711DF2600B674B7 /* NavigationBarWithButton.swift in Sources */ = {isa = PBXBuildFile; fileRef = FD26CD122711DF2600B674B7 /* NavigationBarWithButton.swift */; };
		FD26CD152711EB1B00B674B7 /* AssetMenu.swift in Sources */ = {isa = PBXBuildFile; fileRef = FD26CD142711EB1B00B674B7 /* AssetMenu.swift */; };
		FD26CD1727127E1200B674B7 /* AssetMenuBottonStyle.swift in Sources */ = {isa = PBXBuildFile; fileRef = FD26CD1627127E1200B674B7 /* AssetMenuBottonStyle.swift */; };
		FD26CD192712832700B674B7 /* AssetMenuGridView.swift in Sources */ = {isa = PBXBuildFile; fileRef = FD26CD182712832700B674B7 /* AssetMenuGridView.swift */; };
		FD26CD1B2712865C00B674B7 /* AssetView.swift in Sources */ = {isa = PBXBuildFile; fileRef = FD26CD1A2712865C00B674B7 /* AssetView.swift */; };
		FD26CD1D271287C000B674B7 /* AssetBanner.swift in Sources */ = {isa = PBXBuildFile; fileRef = FD26CD1C271287C000B674B7 /* AssetBanner.swift */; };
		FD26CD202712880E00B674B7 /* BannerCard.swift in Sources */ = {isa = PBXBuildFile; fileRef = FD26CD1F2712880E00B674B7 /* BannerCard.swift */; };
		FD26CD232713225C00B674B7 /* PageViewController.swift in Sources */ = {isa = PBXBuildFile; fileRef = FD26CD222713225C00B674B7 /* PageViewController.swift */; };
		FD26CD25271336F500B674B7 /* PageControl.swift in Sources */ = {isa = PBXBuildFile; fileRef = FD26CD24271336F500B674B7 /* PageControl.swift */; };
		FD26CD272713396100B674B7 /* AssetBannerView.swift in Sources */ = {isa = PBXBuildFile; fileRef = FD26CD262713396100B674B7 /* AssetBannerView.swift */; };
		FD26CD2B27133CDB00B674B7 /* assets.json in Resources */ = {isa = PBXBuildFile; fileRef = FD26CD2A27133CDB00B674B7 /* assets.json */; };
		FD26CD2F27133E5100B674B7 /* AssetSummaryData.swift in Sources */ = {isa = PBXBuildFile; fileRef = FD26CD2E27133E5100B674B7 /* AssetSummaryData.swift */; };
		FD26CD312713419E00B674B7 /* AssetSectionHeaderView.swift in Sources */ = {isa = PBXBuildFile; fileRef = FD26CD302713419E00B674B7 /* AssetSectionHeaderView.swift */; };
		FD26CD332713426200B674B7 /* AssetSectionView.swift in Sources */ = {isa = PBXBuildFile; fileRef = FD26CD322713426200B674B7 /* AssetSectionView.swift */; };
		FD26CD352713452900B674B7 /* AssetSummaryView.swift in Sources */ = {isa = PBXBuildFile; fileRef = FD26CD342713452900B674B7 /* AssetSummaryView.swift */; };
		FD26CD3827134AF100B674B7 /* TabMenuView.swift in Sources */ = {isa = PBXBuildFile; fileRef = FD26CD3727134AF100B674B7 /* TabMenuView.swift */; };
		FD26CD3A27134F2600B674B7 /* AssetCardSectionView.swift in Sources */ = {isa = PBXBuildFile; fileRef = FD26CD3927134F2600B674B7 /* AssetCardSectionView.swift */; };
/* End PBXBuildFile section */

/* Begin PBXFileReference section */
		FD26CCFB2711DB8700B674B7 /* MyAssets.app */ = {isa = PBXFileReference; explicitFileType = wrapper.application; includeInIndex = 0; path = MyAssets.app; sourceTree = BUILT_PRODUCTS_DIR; };
		FD26CCFE2711DB8700B674B7 /* AppDelegate.swift */ = {isa = PBXFileReference; lastKnownFileType = sourcecode.swift; path = AppDelegate.swift; sourceTree = "<group>"; };
		FD26CD002711DB8700B674B7 /* SceneDelegate.swift */ = {isa = PBXFileReference; lastKnownFileType = sourcecode.swift; path = SceneDelegate.swift; sourceTree = "<group>"; };
		FD26CD022711DB8700B674B7 /* ContentView.swift */ = {isa = PBXFileReference; lastKnownFileType = sourcecode.swift; path = ContentView.swift; sourceTree = "<group>"; };
		FD26CD042711DB8700B674B7 /* Assets.xcassets */ = {isa = PBXFileReference; lastKnownFileType = folder.assetcatalog; path = Assets.xcassets; sourceTree = "<group>"; };
		FD26CD072711DB8700B674B7 /* Preview Assets.xcassets */ = {isa = PBXFileReference; lastKnownFileType = folder.assetcatalog; path = "Preview Assets.xcassets"; sourceTree = "<group>"; };
		FD26CD0A2711DB8700B674B7 /* Base */ = {isa = PBXFileReference; lastKnownFileType = file.storyboard; name = Base; path = Base.lproj/LaunchScreen.storyboard; sourceTree = "<group>"; };
		FD26CD0C2711DB8700B674B7 /* Info.plist */ = {isa = PBXFileReference; lastKnownFileType = text.plist.xml; path = Info.plist; sourceTree = "<group>"; };
		FD26CD122711DF2600B674B7 /* NavigationBarWithButton.swift */ = {isa = PBXFileReference; lastKnownFileType = sourcecode.swift; path = NavigationBarWithButton.swift; sourceTree = "<group>"; };
		FD26CD142711EB1B00B674B7 /* AssetMenu.swift */ = {isa = PBXFileReference; lastKnownFileType = sourcecode.swift; path = AssetMenu.swift; sourceTree = "<group>"; };
		FD26CD1627127E1200B674B7 /* AssetMenuBottonStyle.swift */ = {isa = PBXFileReference; lastKnownFileType = sourcecode.swift; path = AssetMenuBottonStyle.swift; sourceTree = "<group>"; };
		FD26CD182712832700B674B7 /* AssetMenuGridView.swift */ = {isa = PBXFileReference; lastKnownFileType = sourcecode.swift; path = AssetMenuGridView.swift; sourceTree = "<group>"; };
		FD26CD1A2712865C00B674B7 /* AssetView.swift */ = {isa = PBXFileReference; lastKnownFileType = sourcecode.swift; path = AssetView.swift; sourceTree = "<group>"; };
		FD26CD1C271287C000B674B7 /* AssetBanner.swift */ = {isa = PBXFileReference; lastKnownFileType = sourcecode.swift; path = AssetBanner.swift; sourceTree = "<group>"; };
		FD26CD1F2712880E00B674B7 /* BannerCard.swift */ = {isa = PBXFileReference; lastKnownFileType = sourcecode.swift; path = BannerCard.swift; sourceTree = "<group>"; };
		FD26CD222713225C00B674B7 /* PageViewController.swift */ = {isa = PBXFileReference; lastKnownFileType = sourcecode.swift; path = PageViewController.swift; sourceTree = "<group>"; };
		FD26CD24271336F500B674B7 /* PageControl.swift */ = {isa = PBXFileReference; lastKnownFileType = sourcecode.swift; path = PageControl.swift; sourceTree = "<group>"; };
		FD26CD262713396100B674B7 /* AssetBannerView.swift */ = {isa = PBXFileReference; lastKnownFileType = sourcecode.swift; path = AssetBannerView.swift; sourceTree = "<group>"; };
		FD26CD2A27133CDB00B674B7 /* assets.json */ = {isa = PBXFileReference; fileEncoding = 4; lastKnownFileType = text.json; path = assets.json; sourceTree = "<group>"; };
		FD26CD2E27133E5100B674B7 /* AssetSummaryData.swift */ = {isa = PBXFileReference; lastKnownFileType = sourcecode.swift; path = AssetSummaryData.swift; sourceTree = "<group>"; };
		FD26CD302713419E00B674B7 /* AssetSectionHeaderView.swift */ = {isa = PBXFileReference; lastKnownFileType = sourcecode.swift; path = AssetSectionHeaderView.swift; sourceTree = "<group>"; };
		FD26CD322713426200B674B7 /* AssetSectionView.swift */ = {isa = PBXFileReference; lastKnownFileType = sourcecode.swift; path = AssetSectionView.swift; sourceTree = "<group>"; };
		FD26CD342713452900B674B7 /* AssetSummaryView.swift */ = {isa = PBXFileReference; lastKnownFileType = sourcecode.swift; path = AssetSummaryView.swift; sourceTree = "<group>"; };
		FD26CD3727134AF100B674B7 /* TabMenuView.swift */ = {isa = PBXFileReference; lastKnownFileType = sourcecode.swift; path = TabMenuView.swift; sourceTree = "<group>"; };
		FD26CD3927134F2600B674B7 /* AssetCardSectionView.swift */ = {isa = PBXFileReference; lastKnownFileType = sourcecode.swift; path = AssetCardSectionView.swift; sourceTree = "<group>"; };
/* End PBXFileReference section */

/* Begin PBXFrameworksBuildPhase section */
		FD26CCF82711DB8700B674B7 /* Frameworks */ = {
			isa = PBXFrameworksBuildPhase;
			buildActionMask = 2147483647;
			files = (
			);
			runOnlyForDeploymentPostprocessing = 0;
		};
/* End PBXFrameworksBuildPhase section */

/* Begin PBXGroup section */
		FD26CCF22711DB8700B674B7 = {
			isa = PBXGroup;
			children = (
				FD26CCFD2711DB8700B674B7 /* MyAssets */,
				FD26CCFC2711DB8700B674B7 /* Products */,
			);
			sourceTree = "<group>";
		};
		FD26CCFC2711DB8700B674B7 /* Products */ = {
			isa = PBXGroup;
			children = (
				FD26CCFB2711DB8700B674B7 /* MyAssets.app */,
			);
			name = Products;
			sourceTree = "<group>";
		};
		FD26CCFD2711DB8700B674B7 /* MyAssets */ = {
			isa = PBXGroup;
			children = (
				FD26CCFE2711DB8700B674B7 /* AppDelegate.swift */,
				FD26CD002711DB8700B674B7 /* SceneDelegate.swift */,
				FD26CD212712882000B674B7 /* AssetMenu */,
				FD26CD1E271287CC00B674B7 /* Entites */,
				FD26CD022711DB8700B674B7 /* ContentView.swift */,
				FD26CD122711DF2600B674B7 /* NavigationBarWithButton.swift */,
				FD26CD1A2712865C00B674B7 /* AssetView.swift */,
				FD26CD362713461800B674B7 /* AssetSummaryView */,
				FD26CD29271339B700B674B7 /* AssetBannerView */,
				FD26CD042711DB8700B674B7 /* Assets.xcassets */,
				FD26CD092711DB8700B674B7 /* LaunchScreen.storyboard */,
				FD26CD0C2711DB8700B674B7 /* Info.plist */,
				FD26CD2A27133CDB00B674B7 /* assets.json */,
				FD26CD062711DB8700B674B7 /* Preview Content */,
			);
			path = MyAssets;
			sourceTree = "<group>";
		};
		FD26CD062711DB8700B674B7 /* Preview Content */ = {
			isa = PBXGroup;
			children = (
				FD26CD072711DB8700B674B7 /* Preview Assets.xcassets */,
			);
			path = "Preview Content";
			sourceTree = "<group>";
		};
		FD26CD1E271287CC00B674B7 /* Entites */ = {
			isa = PBXGroup;
			children = (
				FD26CD142711EB1B00B674B7 /* AssetMenu.swift */,
				FD26CD1C271287C000B674B7 /* AssetBanner.swift */,
			);
			path = Entites;
			sourceTree = "<group>";
		};
		FD26CD212712882000B674B7 /* AssetMenu */ = {
			isa = PBXGroup;
			children = (
				FD26CD1627127E1200B674B7 /* AssetMenuBottonStyle.swift */,
				FD26CD182712832700B674B7 /* AssetMenuGridView.swift */,
			);
			path = AssetMenu;
			sourceTree = "<group>";
		};
		FD26CD29271339B700B674B7 /* AssetBannerView */ = {
			isa = PBXGroup;
			children = (
				FD26CD262713396100B674B7 /* AssetBannerView.swift */,
				FD26CD1F2712880E00B674B7 /* BannerCard.swift */,
				FD26CD222713225C00B674B7 /* PageViewController.swift */,
				FD26CD24271336F500B674B7 /* PageControl.swift */,
			);
			path = AssetBannerView;
			sourceTree = "<group>";
		};
		FD26CD362713461800B674B7 /* AssetSummaryView */ = {
			isa = PBXGroup;
			children = (
				FD26CD3727134AF100B674B7 /* TabMenuView.swift */,
				FD26CD2E27133E5100B674B7 /* AssetSummaryData.swift */,
				FD26CD302713419E00B674B7 /* AssetSectionHeaderView.swift */,
				FD26CD342713452900B674B7 /* AssetSummaryView.swift */,
				FD26CD322713426200B674B7 /* AssetSectionView.swift */,
				FD26CD3927134F2600B674B7 /* AssetCardSectionView.swift */,
			);
			path = AssetSummaryView;
			sourceTree = "<group>";
		};
/* End PBXGroup section */

/* Begin PBXNativeTarget section */
		FD26CCFA2711DB8700B674B7 /* MyAssets */ = {
			isa = PBXNativeTarget;
			buildConfigurationList = FD26CD0F2711DB8700B674B7 /* Build configuration list for PBXNativeTarget "MyAssets" */;
			buildPhases = (
				FD26CCF72711DB8700B674B7 /* Sources */,
				FD26CCF82711DB8700B674B7 /* Frameworks */,
				FD26CCF92711DB8700B674B7 /* Resources */,
			);
			buildRules = (
			);
			dependencies = (
			);
			name = MyAssets;
			productName = MyAssets;
			productReference = FD26CCFB2711DB8700B674B7 /* MyAssets.app */;
			productType = "com.apple.product-type.application";
		};
/* End PBXNativeTarget section */

/* Begin PBXProject section */
		FD26CCF32711DB8700B674B7 /* Project object */ = {
			isa = PBXProject;
			attributes = {
				LastSwiftUpdateCheck = 1250;
				LastUpgradeCheck = 1250;
				TargetAttributes = {
					FD26CCFA2711DB8700B674B7 = {
						CreatedOnToolsVersion = 12.5;
					};
				};
			};
			buildConfigurationList = FD26CCF62711DB8700B674B7 /* Build configuration list for PBXProject "MyAssets" */;
			compatibilityVersion = "Xcode 9.3";
			developmentRegion = en;
			hasScannedForEncodings = 0;
			knownRegions = (
				en,
				Base,
			);
			mainGroup = FD26CCF22711DB8700B674B7;
			productRefGroup = FD26CCFC2711DB8700B674B7 /* Products */;
			projectDirPath = "";
			projectRoot = "";
			targets = (
				FD26CCFA2711DB8700B674B7 /* MyAssets */,
			);
		};
/* End PBXProject section */

/* Begin PBXResourcesBuildPhase section */
		FD26CCF92711DB8700B674B7 /* Resources */ = {
			isa = PBXResourcesBuildPhase;
			buildActionMask = 2147483647;
			files = (
				FD26CD0B2711DB8700B674B7 /* LaunchScreen.storyboard in Resources */,
				FD26CD082711DB8700B674B7 /* Preview Assets.xcassets in Resources */,
				FD26CD2B27133CDB00B674B7 /* assets.json in Resources */,
				FD26CD052711DB8700B674B7 /* Assets.xcassets in Resources */,
			);
			runOnlyForDeploymentPostprocessing = 0;
		};
/* End PBXResourcesBuildPhase section */

/* Begin PBXSourcesBuildPhase section */
		FD26CCF72711DB8700B674B7 /* Sources */ = {
			isa = PBXSourcesBuildPhase;
			buildActionMask = 2147483647;
			files = (
				FD26CD3827134AF100B674B7 /* TabMenuView.swift in Sources */,
				FD26CD332713426200B674B7 /* AssetSectionView.swift in Sources */,
				FD26CD312713419E00B674B7 /* AssetSectionHeaderView.swift in Sources */,
				FD26CCFF2711DB8700B674B7 /* AppDelegate.swift in Sources */,
				FD26CD2F27133E5100B674B7 /* AssetSummaryData.swift in Sources */,
				FD26CD132711DF2600B674B7 /* NavigationBarWithButton.swift in Sources */,
				FD26CD25271336F500B674B7 /* PageControl.swift in Sources */,
				FD26CD232713225C00B674B7 /* PageViewController.swift in Sources */,
				FD26CD192712832700B674B7 /* AssetMenuGridView.swift in Sources */,
				FD26CD1D271287C000B674B7 /* AssetBanner.swift in Sources */,
				FD26CD012711DB8700B674B7 /* SceneDelegate.swift in Sources */,
				FD26CD1727127E1200B674B7 /* AssetMenuBottonStyle.swift in Sources */,
				FD26CD1B2712865C00B674B7 /* AssetView.swift in Sources */,
				FD26CD202712880E00B674B7 /* BannerCard.swift in Sources */,
				FD26CD3A27134F2600B674B7 /* AssetCardSectionView.swift in Sources */,
				FD26CD352713452900B674B7 /* AssetSummaryView.swift in Sources */,
				FD26CD032711DB8700B674B7 /* ContentView.swift in Sources */,
				FD26CD152711EB1B00B674B7 /* AssetMenu.swift in Sources */,
				FD26CD272713396100B674B7 /* AssetBannerView.swift in Sources */,
			);
			runOnlyForDeploymentPostprocessing = 0;
		};
/* End PBXSourcesBuildPhase section */

/* Begin PBXVariantGroup section */
		FD26CD092711DB8700B674B7 /* LaunchScreen.storyboard */ = {
			isa = PBXVariantGroup;
			children = (
				FD26CD0A2711DB8700B674B7 /* Base */,
			);
			name = LaunchScreen.storyboard;
			sourceTree = "<group>";
		};
/* End PBXVariantGroup section */

/* Begin XCBuildConfiguration section */
		FD26CD0D2711DB8700B674B7 /* Debug */ = {
			isa = XCBuildConfiguration;
			buildSettings = {
				ALWAYS_SEARCH_USER_PATHS = NO;
				CLANG_ANALYZER_NONNULL = YES;
				CLANG_ANALYZER_NUMBER_OBJECT_CONVERSION = YES_AGGRESSIVE;
				CLANG_CXX_LANGUAGE_STANDARD = "gnu++14";
				CLANG_CXX_LIBRARY = "libc++";
				CLANG_ENABLE_MODULES = YES;
				CLANG_ENABLE_OBJC_ARC = YES;
				CLANG_ENABLE_OBJC_WEAK = YES;
				CLANG_WARN_BLOCK_CAPTURE_AUTORELEASING = YES;
				CLANG_WARN_BOOL_CONVERSION = YES;
				CLANG_WARN_COMMA = YES;
				CLANG_WARN_CONSTANT_CONVERSION = YES;
				CLANG_WARN_DEPRECATED_OBJC_IMPLEMENTATIONS = YES;
				CLANG_WARN_DIRECT_OBJC_ISA_USAGE = YES_ERROR;
				CLANG_WARN_DOCUMENTATION_COMMENTS = YES;
				CLANG_WARN_EMPTY_BODY = YES;
				CLANG_WARN_ENUM_CONVERSION = YES;
				CLANG_WARN_INFINITE_RECURSION = YES;
				CLANG_WARN_INT_CONVERSION = YES;
				CLANG_WARN_NON_LITERAL_NULL_CONVERSION = YES;
				CLANG_WARN_OBJC_IMPLICIT_RETAIN_SELF = YES;
				CLANG_WARN_OBJC_LITERAL_CONVERSION = YES;
				CLANG_WARN_OBJC_ROOT_CLASS = YES_ERROR;
				CLANG_WARN_QUOTED_INCLUDE_IN_FRAMEWORK_HEADER = YES;
				CLANG_WARN_RANGE_LOOP_ANALYSIS = YES;
				CLANG_WARN_STRICT_PROTOTYPES = YES;
				CLANG_WARN_SUSPICIOUS_MOVE = YES;
				CLANG_WARN_UNGUARDED_AVAILABILITY = YES_AGGRESSIVE;
				CLANG_WARN_UNREACHABLE_CODE = YES;
				CLANG_WARN__DUPLICATE_METHOD_MATCH = YES;
				COPY_PHASE_STRIP = NO;
				DEBUG_INFORMATION_FORMAT = dwarf;
				ENABLE_STRICT_OBJC_MSGSEND = YES;
				ENABLE_TESTABILITY = YES;
				GCC_C_LANGUAGE_STANDARD = gnu11;
				GCC_DYNAMIC_NO_PIC = NO;
				GCC_NO_COMMON_BLOCKS = YES;
				GCC_OPTIMIZATION_LEVEL = 0;
				GCC_PREPROCESSOR_DEFINITIONS = (
					"DEBUG=1",
					"$(inherited)",
				);
				GCC_WARN_64_TO_32_BIT_CONVERSION = YES;
				GCC_WARN_ABOUT_RETURN_TYPE = YES_ERROR;
				GCC_WARN_UNDECLARED_SELECTOR = YES;
				GCC_WARN_UNINITIALIZED_AUTOS = YES_AGGRESSIVE;
				GCC_WARN_UNUSED_FUNCTION = YES;
				GCC_WARN_UNUSED_VARIABLE = YES;
				IPHONEOS_DEPLOYMENT_TARGET = 14.5;
				MTL_ENABLE_DEBUG_INFO = INCLUDE_SOURCE;
				MTL_FAST_MATH = YES;
				ONLY_ACTIVE_ARCH = YES;
				SDKROOT = iphoneos;
				SWIFT_ACTIVE_COMPILATION_CONDITIONS = DEBUG;
				SWIFT_OPTIMIZATION_LEVEL = "-Onone";
			};
			name = Debug;
		};
		FD26CD0E2711DB8700B674B7 /* Release */ = {
			isa = XCBuildConfiguration;
			buildSettings = {
				ALWAYS_SEARCH_USER_PATHS = NO;
				CLANG_ANALYZER_NONNULL = YES;
				CLANG_ANALYZER_NUMBER_OBJECT_CONVERSION = YES_AGGRESSIVE;
				CLANG_CXX_LANGUAGE_STANDARD = "gnu++14";
				CLANG_CXX_LIBRARY = "libc++";
				CLANG_ENABLE_MODULES = YES;
				CLANG_ENABLE_OBJC_ARC = YES;
				CLANG_ENABLE_OBJC_WEAK = YES;
				CLANG_WARN_BLOCK_CAPTURE_AUTORELEASING = YES;
				CLANG_WARN_BOOL_CONVERSION = YES;
				CLANG_WARN_COMMA = YES;
				CLANG_WARN_CONSTANT_CONVERSION = YES;
				CLANG_WARN_DEPRECATED_OBJC_IMPLEMENTATIONS = YES;
				CLANG_WARN_DIRECT_OBJC_ISA_USAGE = YES_ERROR;
				CLANG_WARN_DOCUMENTATION_COMMENTS = YES;
				CLANG_WARN_EMPTY_BODY = YES;
				CLANG_WARN_ENUM_CONVERSION = YES;
				CLANG_WARN_INFINITE_RECURSION = YES;
				CLANG_WARN_INT_CONVERSION = YES;
				CLANG_WARN_NON_LITERAL_NULL_CONVERSION = YES;
				CLANG_WARN_OBJC_IMPLICIT_RETAIN_SELF = YES;
				CLANG_WARN_OBJC_LITERAL_CONVERSION = YES;
				CLANG_WARN_OBJC_ROOT_CLASS = YES_ERROR;
				CLANG_WARN_QUOTED_INCLUDE_IN_FRAMEWORK_HEADER = YES;
				CLANG_WARN_RANGE_LOOP_ANALYSIS = YES;
				CLANG_WARN_STRICT_PROTOTYPES = YES;
				CLANG_WARN_SUSPICIOUS_MOVE = YES;
				CLANG_WARN_UNGUARDED_AVAILABILITY = YES_AGGRESSIVE;
				CLANG_WARN_UNREACHABLE_CODE = YES;
				CLANG_WARN__DUPLICATE_METHOD_MATCH = YES;
				COPY_PHASE_STRIP = NO;
				DEBUG_INFORMATION_FORMAT = "dwarf-with-dsym";
				ENABLE_NS_ASSERTIONS = NO;
				ENABLE_STRICT_OBJC_MSGSEND = YES;
				GCC_C_LANGUAGE_STANDARD = gnu11;
				GCC_NO_COMMON_BLOCKS = YES;
				GCC_WARN_64_TO_32_BIT_CONVERSION = YES;
				GCC_WARN_ABOUT_RETURN_TYPE = YES_ERROR;
				GCC_WARN_UNDECLARED_SELECTOR = YES;
				GCC_WARN_UNINITIALIZED_AUTOS = YES_AGGRESSIVE;
				GCC_WARN_UNUSED_FUNCTION = YES;
				GCC_WARN_UNUSED_VARIABLE = YES;
				IPHONEOS_DEPLOYMENT_TARGET = 14.5;
				MTL_ENABLE_DEBUG_INFO = NO;
				MTL_FAST_MATH = YES;
				SDKROOT = iphoneos;
				SWIFT_COMPILATION_MODE = wholemodule;
				SWIFT_OPTIMIZATION_LEVEL = "-O";
				VALIDATE_PRODUCT = YES;
			};
			name = Release;
		};
		FD26CD102711DB8700B674B7 /* Debug */ = {
			isa = XCBuildConfiguration;
			buildSettings = {
				ASSETCATALOG_COMPILER_APPICON_NAME = AppIcon;
				ASSETCATALOG_COMPILER_GLOBAL_ACCENT_COLOR_NAME = AccentColor;
				CODE_SIGN_STYLE = Automatic;
				DEVELOPMENT_ASSET_PATHS = "\"MyAssets/Preview Content\"";
				DEVELOPMENT_TEAM = SQ5T25W9V5;
				ENABLE_PREVIEWS = YES;
				INFOPLIST_FILE = MyAssets/Info.plist;
				LD_RUNPATH_SEARCH_PATHS = (
					"$(inherited)",
					"@executable_path/Frameworks",
				);
				PRODUCT_BUNDLE_IDENTIFIER = kr.co.project.MyAssets;
				PRODUCT_NAME = "$(TARGET_NAME)";
				SWIFT_VERSION = 5.0;
				TARGETED_DEVICE_FAMILY = "1,2";
			};
			name = Debug;
		};
		FD26CD112711DB8700B674B7 /* Release */ = {
			isa = XCBuildConfiguration;
			buildSettings = {
				ASSETCATALOG_COMPILER_APPICON_NAME = AppIcon;
				ASSETCATALOG_COMPILER_GLOBAL_ACCENT_COLOR_NAME = AccentColor;
				CODE_SIGN_STYLE = Automatic;
				DEVELOPMENT_ASSET_PATHS = "\"MyAssets/Preview Content\"";
				DEVELOPMENT_TEAM = SQ5T25W9V5;
				ENABLE_PREVIEWS = YES;
				INFOPLIST_FILE = MyAssets/Info.plist;
				LD_RUNPATH_SEARCH_PATHS = (
					"$(inherited)",
					"@executable_path/Frameworks",
				);
				PRODUCT_BUNDLE_IDENTIFIER = kr.co.project.MyAssets;
				PRODUCT_NAME = "$(TARGET_NAME)";
				SWIFT_VERSION = 5.0;
				TARGETED_DEVICE_FAMILY = "1,2";
			};
			name = Release;
		};
/* End XCBuildConfiguration section */

/* Begin XCConfigurationList section */
		FD26CCF62711DB8700B674B7 /* Build configuration list for PBXProject "MyAssets" */ = {
			isa = XCConfigurationList;
			buildConfigurations = (
				FD26CD0D2711DB8700B674B7 /* Debug */,
				FD26CD0E2711DB8700B674B7 /* Release */,
			);
			defaultConfigurationIsVisible = 0;
			defaultConfigurationName = Release;
		};
		FD26CD0F2711DB8700B674B7 /* Build configuration list for PBXNativeTarget "MyAssets" */ = {
			isa = XCConfigurationList;
			buildConfigurations = (
				FD26CD102711DB8700B674B7 /* Debug */,
				FD26CD112711DB8700B674B7 /* Release */,
			);
			defaultConfigurationIsVisible = 0;
			defaultConfigurationName = Release;
		};
/* End XCConfigurationList section */
	};
	rootObject = FD26CCF32711DB8700B674B7 /* Project object */;
}
