// !$*UTF8*$!
{
	archiveVersion = 1;
	classes = {
	};
	objectVersion = 51;
	objects = {

/* Begin PBXBuildFile section */
		30C1E508D2F18FD85052E4D8 /* Pods_Warning.framework in Frameworks */ = {isa = PBXBuildFile; fileRef = 353D56E59829C51353B2DE71 /* Pods_Warning.framework */; };
		FD964227270C82D800D3E550 /* AppDelegate.swift in Sources */ = {isa = PBXBuildFile; fileRef = FD964226270C82D800D3E550 /* AppDelegate.swift */; };
		FD964229270C82D800D3E550 /* SceneDelegate.swift in Sources */ = {isa = PBXBuildFile; fileRef = FD964228270C82D800D3E550 /* SceneDelegate.swift */; };
		FD96422B270C82D800D3E550 /* ViewController.swift in Sources */ = {isa = PBXBuildFile; fileRef = FD96422A270C82D800D3E550 /* ViewController.swift */; };
		FD96422E270C82D800D3E550 /* Main.storyboard in Resources */ = {isa = PBXBuildFile; fileRef = FD96422C270C82D800D3E550 /* Main.storyboard */; };
		FD964230270C82D900D3E550 /* Assets.xcassets in Resources */ = {isa = PBXBuildFile; fileRef = FD96422F270C82D900D3E550 /* Assets.xcassets */; };
		FD964233270C82D900D3E550 /* LaunchScreen.storyboard in Resources */ = {isa = PBXBuildFile; fileRef = FD964231270C82D900D3E550 /* LaunchScreen.storyboard */; };
		FD96423B270C85A700D3E550 /* GoogleService-Info.plist in Resources */ = {isa = PBXBuildFile; fileRef = FD96423A270C85A700D3E550 /* GoogleService-Info.plist */; };
/* End PBXBuildFile section */

/* Begin PBXFileReference section */
		1CBA262CA720F38B6A51EAFE /* Pods-Warning.release.xcconfig */ = {isa = PBXFileReference; includeInIndex = 1; lastKnownFileType = text.xcconfig; name = "Pods-Warning.release.xcconfig"; path = "Target Support Files/Pods-Warning/Pods-Warning.release.xcconfig"; sourceTree = "<group>"; };
		353D56E59829C51353B2DE71 /* Pods_Warning.framework */ = {isa = PBXFileReference; explicitFileType = wrapper.framework; includeInIndex = 0; path = Pods_Warning.framework; sourceTree = BUILT_PRODUCTS_DIR; };
		AB586BECFB3374D302DDC14A /* Pods-Warning.debug.xcconfig */ = {isa = PBXFileReference; includeInIndex = 1; lastKnownFileType = text.xcconfig; name = "Pods-Warning.debug.xcconfig"; path = "Target Support Files/Pods-Warning/Pods-Warning.debug.xcconfig"; sourceTree = "<group>"; };
		FD26CCCB2710056300B674B7 /* Warning.entitlements */ = {isa = PBXFileReference; lastKnownFileType = text.plist.entitlements; path = Warning.entitlements; sourceTree = "<group>"; };
		FD964223270C82D800D3E550 /* Warning.app */ = {isa = PBXFileReference; explicitFileType = wrapper.application; includeInIndex = 0; path = Warning.app; sourceTree = BUILT_PRODUCTS_DIR; };
		FD964226270C82D800D3E550 /* AppDelegate.swift */ = {isa = PBXFileReference; lastKnownFileType = sourcecode.swift; path = AppDelegate.swift; sourceTree = "<group>"; };
		FD964228270C82D800D3E550 /* SceneDelegate.swift */ = {isa = PBXFileReference; lastKnownFileType = sourcecode.swift; path = SceneDelegate.swift; sourceTree = "<group>"; };
		FD96422A270C82D800D3E550 /* ViewController.swift */ = {isa = PBXFileReference; lastKnownFileType = sourcecode.swift; path = ViewController.swift; sourceTree = "<group>"; };
		FD96422D270C82D800D3E550 /* Base */ = {isa = PBXFileReference; lastKnownFileType = file.storyboard; name = Base; path = Base.lproj/Main.storyboard; sourceTree = "<group>"; };
		FD96422F270C82D900D3E550 /* Assets.xcassets */ = {isa = PBXFileReference; lastKnownFileType = folder.assetcatalog; path = Assets.xcassets; sourceTree = "<group>"; };
		FD964232270C82D900D3E550 /* Base */ = {isa = PBXFileReference; lastKnownFileType = file.storyboard; name = Base; path = Base.lproj/LaunchScreen.storyboard; sourceTree = "<group>"; };
		FD964234270C82D900D3E550 /* Info.plist */ = {isa = PBXFileReference; lastKnownFileType = text.plist.xml; path = Info.plist; sourceTree = "<group>"; };
		FD96423A270C85A700D3E550 /* GoogleService-Info.plist */ = {isa = PBXFileReference; fileEncoding = 4; lastKnownFileType = text.plist.xml; path = "GoogleService-Info.plist"; sourceTree = "<group>"; };
/* End PBXFileReference section */

/* Begin PBXFrameworksBuildPhase section */
		FD964220270C82D800D3E550 /* Frameworks */ = {
			isa = PBXFrameworksBuildPhase;
			buildActionMask = 2147483647;
			files = (
				30C1E508D2F18FD85052E4D8 /* Pods_Warning.framework in Frameworks */,
			);
			runOnlyForDeploymentPostprocessing = 0;
		};
/* End PBXFrameworksBuildPhase section */

/* Begin PBXGroup section */
		4DF5A071BA24354FEDF7AB4F /* Frameworks */ = {
			isa = PBXGroup;
			children = (
				353D56E59829C51353B2DE71 /* Pods_Warning.framework */,
			);
			name = Frameworks;
			sourceTree = "<group>";
		};
		7B51A8A7B1A13E94DE1D0326 /* Pods */ = {
			isa = PBXGroup;
			children = (
				AB586BECFB3374D302DDC14A /* Pods-Warning.debug.xcconfig */,
				1CBA262CA720F38B6A51EAFE /* Pods-Warning.release.xcconfig */,
			);
			path = Pods;
			sourceTree = "<group>";
		};
		FD96421A270C82D800D3E550 = {
			isa = PBXGroup;
			children = (
				FD964225270C82D800D3E550 /* Warning */,
				FD964224270C82D800D3E550 /* Products */,
				7B51A8A7B1A13E94DE1D0326 /* Pods */,
				4DF5A071BA24354FEDF7AB4F /* Frameworks */,
			);
			sourceTree = "<group>";
		};
		FD964224270C82D800D3E550 /* Products */ = {
			isa = PBXGroup;
			children = (
				FD964223270C82D800D3E550 /* Warning.app */,
			);
			name = Products;
			sourceTree = "<group>";
		};
		FD964225270C82D800D3E550 /* Warning */ = {
			isa = PBXGroup;
			children = (
				FD26CCCB2710056300B674B7 /* Warning.entitlements */,
				FD964226270C82D800D3E550 /* AppDelegate.swift */,
				FD964228270C82D800D3E550 /* SceneDelegate.swift */,
				FD96422A270C82D800D3E550 /* ViewController.swift */,
				FD96422C270C82D800D3E550 /* Main.storyboard */,
				FD96422F270C82D900D3E550 /* Assets.xcassets */,
				FD964231270C82D900D3E550 /* LaunchScreen.storyboard */,
				FD964234270C82D900D3E550 /* Info.plist */,
				FD96423A270C85A700D3E550 /* GoogleService-Info.plist */,
			);
			path = Warning;
			sourceTree = "<group>";
		};
/* End PBXGroup section */

/* Begin PBXNativeTarget section */
		FD964222270C82D800D3E550 /* Warning */ = {
			isa = PBXNativeTarget;
			buildConfigurationList = FD964237270C82D900D3E550 /* Build configuration list for PBXNativeTarget "Warning" */;
			buildPhases = (
				1A2A891B5C4FECB4A9E2A884 /* [CP] Check Pods Manifest.lock */,
				FD96421F270C82D800D3E550 /* Sources */,
				FD964220270C82D800D3E550 /* Frameworks */,
				FD964221270C82D800D3E550 /* Resources */,
				9DA1B2B7110A3900074C9742 /* [CP] Embed Pods Frameworks */,
			);
			buildRules = (
			);
			dependencies = (
			);
			name = Warning;
			productName = Warning;
			productReference = FD964223270C82D800D3E550 /* Warning.app */;
			productType = "com.apple.product-type.application";
		};
/* End PBXNativeTarget section */

/* Begin PBXProject section */
		FD96421B270C82D800D3E550 /* Project object */ = {
			isa = PBXProject;
			attributes = {
				LastSwiftUpdateCheck = 1250;
				LastUpgradeCheck = 1250;
				TargetAttributes = {
					FD964222270C82D800D3E550 = {
						CreatedOnToolsVersion = 12.5;
					};
				};
			};
			buildConfigurationList = FD96421E270C82D800D3E550 /* Build configuration list for PBXProject "Warning" */;
			compatibilityVersion = "Xcode 9.3";
			developmentRegion = en;
			hasScannedForEncodings = 0;
			knownRegions = (
				en,
				Base,
			);
			mainGroup = FD96421A270C82D800D3E550;
			productRefGroup = FD964224270C82D800D3E550 /* Products */;
			projectDirPath = "";
			projectRoot = "";
			targets = (
				FD964222270C82D800D3E550 /* Warning */,
			);
		};
/* End PBXProject section */

/* Begin PBXResourcesBuildPhase section */
		FD964221270C82D800D3E550 /* Resources */ = {
			isa = PBXResourcesBuildPhase;
			buildActionMask = 2147483647;
			files = (
				FD964233270C82D900D3E550 /* LaunchScreen.storyboard in Resources */,
				FD96423B270C85A700D3E550 /* GoogleService-Info.plist in Resources */,
				FD964230270C82D900D3E550 /* Assets.xcassets in Resources */,
				FD96422E270C82D800D3E550 /* Main.storyboard in Resources */,
			);
			runOnlyForDeploymentPostprocessing = 0;
		};
/* End PBXResourcesBuildPhase section */

/* Begin PBXShellScriptBuildPhase section */
		1A2A891B5C4FECB4A9E2A884 /* [CP] Check Pods Manifest.lock */ = {
			isa = PBXShellScriptBuildPhase;
			buildActionMask = 2147483647;
			files = (
			);
			inputFileListPaths = (
			);
			inputPaths = (
				"${PODS_PODFILE_DIR_PATH}/Podfile.lock",
				"${PODS_ROOT}/Manifest.lock",
			);
			name = "[CP] Check Pods Manifest.lock";
			outputFileListPaths = (
			);
			outputPaths = (
				"$(DERIVED_FILE_DIR)/Pods-Warning-checkManifestLockResult.txt",
			);
			runOnlyForDeploymentPostprocessing = 0;
			shellPath = /bin/sh;
			shellScript = "diff \"${PODS_PODFILE_DIR_PATH}/Podfile.lock\" \"${PODS_ROOT}/Manifest.lock\" > /dev/null\nif [ $? != 0 ] ; then\n    # print error to STDERR\n    echo \"error: The sandbox is not in sync with the Podfile.lock. Run 'pod install' or update your CocoaPods installation.\" >&2\n    exit 1\nfi\n# This output is used by Xcode 'outputs' to avoid re-running this script phase.\necho \"SUCCESS\" > \"${SCRIPT_OUTPUT_FILE_0}\"\n";
			showEnvVarsInLog = 0;
		};
		9DA1B2B7110A3900074C9742 /* [CP] Embed Pods Frameworks */ = {
			isa = PBXShellScriptBuildPhase;
			buildActionMask = 2147483647;
			files = (
			);
			inputFileListPaths = (
				"${PODS_ROOT}/Target Support Files/Pods-Warning/Pods-Warning-frameworks-${CONFIGURATION}-input-files.xcfilelist",
			);
			name = "[CP] Embed Pods Frameworks";
			outputFileListPaths = (
				"${PODS_ROOT}/Target Support Files/Pods-Warning/Pods-Warning-frameworks-${CONFIGURATION}-output-files.xcfilelist",
			);
			runOnlyForDeploymentPostprocessing = 0;
			shellPath = /bin/sh;
			shellScript = "\"${PODS_ROOT}/Target Support Files/Pods-Warning/Pods-Warning-frameworks.sh\"\n";
			showEnvVarsInLog = 0;
		};
/* End PBXShellScriptBuildPhase section */

/* Begin PBXSourcesBuildPhase section */
		FD96421F270C82D800D3E550 /* Sources */ = {
			isa = PBXSourcesBuildPhase;
			buildActionMask = 2147483647;
			files = (
				FD96422B270C82D800D3E550 /* ViewController.swift in Sources */,
				FD964227270C82D800D3E550 /* AppDelegate.swift in Sources */,
				FD964229270C82D800D3E550 /* SceneDelegate.swift in Sources */,
			);
			runOnlyForDeploymentPostprocessing = 0;
		};
/* End PBXSourcesBuildPhase section */

/* Begin PBXVariantGroup section */
		FD96422C270C82D800D3E550 /* Main.storyboard */ = {
			isa = PBXVariantGroup;
			children = (
				FD96422D270C82D800D3E550 /* Base */,
			);
			name = Main.storyboard;
			sourceTree = "<group>";
		};
		FD964231270C82D900D3E550 /* LaunchScreen.storyboard */ = {
			isa = PBXVariantGroup;
			children = (
				FD964232270C82D900D3E550 /* Base */,
			);
			name = LaunchScreen.storyboard;
			sourceTree = "<group>";
		};
/* End PBXVariantGroup section */

/* Begin XCBuildConfiguration section */
		FD964235270C82D900D3E550 /* Debug */ = {
			isa = XCBuildConfiguration;
			buildSettings = {
				ALWAYS_SEARCH_USER_PATHS = NO;
				CLANG_ANALYZER_NONNULL = YES;
				CLANG_ANALYZER_NUMBER_OBJECT_CONVERSION = YES_AGGRESSIVE;
				CLANG_CXX_LANGUAGE_STANDARD = "gnu++14";
				CLANG_CXX_LIBRARY = "libc++";
				CLANG_ENABLE_MODULES = YES;
				CLANG_ENABLE_OBJC_ARC = YES;
				CLANG_ENABLE_OBJC_WEAK = YES;
				CLANG_WARN_BLOCK_CAPTURE_AUTORELEASING = YES;
				CLANG_WARN_BOOL_CONVERSION = YES;
				CLANG_WARN_COMMA = YES;
				CLANG_WARN_CONSTANT_CONVERSION = YES;
				CLANG_WARN_DEPRECATED_OBJC_IMPLEMENTATIONS = YES;
				CLANG_WARN_DIRECT_OBJC_ISA_USAGE = YES_ERROR;
				CLANG_WARN_DOCUMENTATION_COMMENTS = YES;
				CLANG_WARN_EMPTY_BODY = YES;
				CLANG_WARN_ENUM_CONVERSION = YES;
				CLANG_WARN_INFINITE_RECURSION = YES;
				CLANG_WARN_INT_CONVERSION = YES;
				CLANG_WARN_NON_LITERAL_NULL_CONVERSION = YES;
				CLANG_WARN_OBJC_IMPLICIT_RETAIN_SELF = YES;
				CLANG_WARN_OBJC_LITERAL_CONVERSION = YES;
				CLANG_WARN_OBJC_ROOT_CLASS = YES_ERROR;
				CLANG_WARN_QUOTED_INCLUDE_IN_FRAMEWORK_HEADER = YES;
				CLANG_WARN_RANGE_LOOP_ANALYSIS = YES;
				CLANG_WARN_STRICT_PROTOTYPES = YES;
				CLANG_WARN_SUSPICIOUS_MOVE = YES;
				CLANG_WARN_UNGUARDED_AVAILABILITY = YES_AGGRESSIVE;
				CLANG_WARN_UNREACHABLE_CODE = YES;
				CLANG_WARN__DUPLICATE_METHOD_MATCH = YES;
				COPY_PHASE_STRIP = NO;
				DEBUG_INFORMATION_FORMAT = dwarf;
				ENABLE_STRICT_OBJC_MSGSEND = YES;
				ENABLE_TESTABILITY = YES;
				GCC_C_LANGUAGE_STANDARD = gnu11;
				GCC_DYNAMIC_NO_PIC = NO;
				GCC_NO_COMMON_BLOCKS = YES;
				GCC_OPTIMIZATION_LEVEL = 0;
				GCC_PREPROCESSOR_DEFINITIONS = (
					"DEBUG=1",
					"$(inherited)",
				);
				GCC_WARN_64_TO_32_BIT_CONVERSION = YES;
				GCC_WARN_ABOUT_RETURN_TYPE = YES_ERROR;
				GCC_WARN_UNDECLARED_SELECTOR = YES;
				GCC_WARN_UNINITIALIZED_AUTOS = YES_AGGRESSIVE;
				GCC_WARN_UNUSED_FUNCTION = YES;
				GCC_WARN_UNUSED_VARIABLE = YES;
				IPHONEOS_DEPLOYMENT_TARGET = 14.5;
				MTL_ENABLE_DEBUG_INFO = INCLUDE_SOURCE;
				MTL_FAST_MATH = YES;
				ONLY_ACTIVE_ARCH = YES;
				SDKROOT = iphoneos;
				SWIFT_ACTIVE_COMPILATION_CONDITIONS = DEBUG;
				SWIFT_OPTIMIZATION_LEVEL = "-Onone";
			};
			name = Debug;
		};
		FD964236270C82D900D3E550 /* Release */ = {
			isa = XCBuildConfiguration;
			buildSettings = {
				ALWAYS_SEARCH_USER_PATHS = NO;
				CLANG_ANALYZER_NONNULL = YES;
				CLANG_ANALYZER_NUMBER_OBJECT_CONVERSION = YES_AGGRESSIVE;
				CLANG_CXX_LANGUAGE_STANDARD = "gnu++14";
				CLANG_CXX_LIBRARY = "libc++";
				CLANG_ENABLE_MODULES = YES;
				CLANG_ENABLE_OBJC_ARC = YES;
				CLANG_ENABLE_OBJC_WEAK = YES;
				CLANG_WARN_BLOCK_CAPTURE_AUTORELEASING = YES;
				CLANG_WARN_BOOL_CONVERSION = YES;
				CLANG_WARN_COMMA = YES;
				CLANG_WARN_CONSTANT_CONVERSION = YES;
				CLANG_WARN_DEPRECATED_OBJC_IMPLEMENTATIONS = YES;
				CLANG_WARN_DIRECT_OBJC_ISA_USAGE = YES_ERROR;
				CLANG_WARN_DOCUMENTATION_COMMENTS = YES;
				CLANG_WARN_EMPTY_BODY = YES;
				CLANG_WARN_ENUM_CONVERSION = YES;
				CLANG_WARN_INFINITE_RECURSION = YES;
				CLANG_WARN_INT_CONVERSION = YES;
				CLANG_WARN_NON_LITERAL_NULL_CONVERSION = YES;
				CLANG_WARN_OBJC_IMPLICIT_RETAIN_SELF = YES;
				CLANG_WARN_OBJC_LITERAL_CONVERSION = YES;
				CLANG_WARN_OBJC_ROOT_CLASS = YES_ERROR;
				CLANG_WARN_QUOTED_INCLUDE_IN_FRAMEWORK_HEADER = YES;
				CLANG_WARN_RANGE_LOOP_ANALYSIS = YES;
				CLANG_WARN_STRICT_PROTOTYPES = YES;
				CLANG_WARN_SUSPICIOUS_MOVE = YES;
				CLANG_WARN_UNGUARDED_AVAILABILITY = YES_AGGRESSIVE;
				CLANG_WARN_UNREACHABLE_CODE = YES;
				CLANG_WARN__DUPLICATE_METHOD_MATCH = YES;
				COPY_PHASE_STRIP = NO;
				DEBUG_INFORMATION_FORMAT = "dwarf-with-dsym";
				ENABLE_NS_ASSERTIONS = NO;
				ENABLE_STRICT_OBJC_MSGSEND = YES;
				GCC_C_LANGUAGE_STANDARD = gnu11;
				GCC_NO_COMMON_BLOCKS = YES;
				GCC_WARN_64_TO_32_BIT_CONVERSION = YES;
				GCC_WARN_ABOUT_RETURN_TYPE = YES_ERROR;
				GCC_WARN_UNDECLARED_SELECTOR = YES;
				GCC_WARN_UNINITIALIZED_AUTOS = YES_AGGRESSIVE;
				GCC_WARN_UNUSED_FUNCTION = YES;
				GCC_WARN_UNUSED_VARIABLE = YES;
				IPHONEOS_DEPLOYMENT_TARGET = 14.5;
				MTL_ENABLE_DEBUG_INFO = NO;
				MTL_FAST_MATH = YES;
				SDKROOT = iphoneos;
				SWIFT_COMPILATION_MODE = wholemodule;
				SWIFT_OPTIMIZATION_LEVEL = "-O";
				VALIDATE_PRODUCT = YES;
			};
			name = Release;
		};
		FD964238270C82D900D3E550 /* Debug */ = {
			isa = XCBuildConfiguration;
			baseConfigurationReference = AB586BECFB3374D302DDC14A /* Pods-Warning.debug.xcconfig */;
			buildSettings = {
				ASSETCATALOG_COMPILER_APPICON_NAME = AppIcon;
				ASSETCATALOG_COMPILER_GLOBAL_ACCENT_COLOR_NAME = AccentColor;
				CODE_SIGN_ENTITLEMENTS = Warning/Warning.entitlements;
				CODE_SIGN_STYLE = Automatic;
				DEVELOPMENT_TEAM = SQ5T25W9V5;
				INFOPLIST_FILE = Warning/Info.plist;
				LD_RUNPATH_SEARCH_PATHS = (
					"$(inherited)",
					"@executable_path/Frameworks",
				);
				PRODUCT_BUNDLE_IDENTIFIER = kr.co.project.Warning;
				PRODUCT_NAME = "$(TARGET_NAME)";
				SWIFT_VERSION = 5.0;
				TARGETED_DEVICE_FAMILY = "1,2";
			};
			name = Debug;
		};
		FD964239270C82D900D3E550 /* Release */ = {
			isa = XCBuildConfiguration;
			baseConfigurationReference = 1CBA262CA720F38B6A51EAFE /* Pods-Warning.release.xcconfig */;
			buildSettings = {
				ASSETCATALOG_COMPILER_APPICON_NAME = AppIcon;
				ASSETCATALOG_COMPILER_GLOBAL_ACCENT_COLOR_NAME = AccentColor;
				CODE_SIGN_ENTITLEMENTS = Warning/Warning.entitlements;
				CODE_SIGN_STYLE = Automatic;
				DEVELOPMENT_TEAM = SQ5T25W9V5;
				INFOPLIST_FILE = Warning/Info.plist;
				LD_RUNPATH_SEARCH_PATHS = (
					"$(inherited)",
					"@executable_path/Frameworks",
				);
				PRODUCT_BUNDLE_IDENTIFIER = kr.co.project.Warning;
				PRODUCT_NAME = "$(TARGET_NAME)";
				SWIFT_VERSION = 5.0;
				TARGETED_DEVICE_FAMILY = "1,2";
			};
			name = Release;
		};
/* End XCBuildConfiguration section */

/* Begin XCConfigurationList section */
		FD96421E270C82D800D3E550 /* Build configuration list for PBXProject "Warning" */ = {
			isa = XCConfigurationList;
			buildConfigurations = (
				FD964235270C82D900D3E550 /* Debug */,
				FD964236270C82D900D3E550 /* Release */,
			);
			defaultConfigurationIsVisible = 0;
			defaultConfigurationName = Release;
		};
		FD964237270C82D900D3E550 /* Build configuration list for PBXNativeTarget "Warning" */ = {
			isa = XCConfigurationList;
			buildConfigurations = (
				FD964238270C82D900D3E550 /* Debug */,
				FD964239270C82D900D3E550 /* Release */,
			);
			defaultConfigurationIsVisible = 0;
			defaultConfigurationName = Release;
		};
/* End XCConfigurationList section */
	};
	rootObject = FD96421B270C82D800D3E550 /* Project object */;
}
